// !$*UTF8*$!
{
	archiveVersion = 1;
	classes = {
	};
	objectVersion = 56;
	objects = {

/* Begin PBXBuildFile section */
		4FE2CCC72B0866D5003AC533 /* AppDelegate.swift in Sources */ = {isa = PBXBuildFile; fileRef = 4FE2CCC62B0866D5003AC533 /* AppDelegate.swift */; };
		4FE2CCC92B0866D5003AC533 /* SceneDelegate.swift in Sources */ = {isa = PBXBuildFile; fileRef = 4FE2CCC82B0866D5003AC533 /* SceneDelegate.swift */; };
		4FE2CCCB2B0866D5003AC533 /* ViewController.swift in Sources */ = {isa = PBXBuildFile; fileRef = 4FE2CCCA2B0866D5003AC533 /* ViewController.swift */; };
		4FE2CCCE2B0866D5003AC533 /* Main.storyboard in Resources */ = {isa = PBXBuildFile; fileRef = 4FE2CCCC2B0866D5003AC533 /* Main.storyboard */; };
		4FE2CCD02B0866D6003AC533 /* Assets.xcassets in Resources */ = {isa = PBXBuildFile; fileRef = 4FE2CCCF2B0866D6003AC533 /* Assets.xcassets */; };
		4FE2CCD32B0866D6003AC533 /* LaunchScreen.storyboard in Resources */ = {isa = PBXBuildFile; fileRef = 4FE2CCD12B0866D6003AC533 /* LaunchScreen.storyboard */; };
		4FE2CCDB2B086CF5003AC533 /* GoogleService-Info.plist in Resources */ = {isa = PBXBuildFile; fileRef = 4FE2CCDA2B086CF5003AC533 /* GoogleService-Info.plist */; };
		4FE2CCE92B0ADF23003AC533 /* RegisterView.swift in Sources */ = {isa = PBXBuildFile; fileRef = 4FE2CCE82B0ADF23003AC533 /* RegisterView.swift */; };
		4FE2CCEB2B0ADF4F003AC533 /* RegisterViewController.swift in Sources */ = {isa = PBXBuildFile; fileRef = 4FE2CCEA2B0ADF4F003AC533 /* RegisterViewController.swift */; };
		4FE2CCED2B0AE171003AC533 /* RegisterFirebaseManager.swift in Sources */ = {isa = PBXBuildFile; fileRef = 4FE2CCEC2B0AE171003AC533 /* RegisterFirebaseManager.swift */; };
		4FE2CCEF2B0AFE12003AC533 /* CardView.swift in Sources */ = {isa = PBXBuildFile; fileRef = 4FE2CCEE2B0AFE12003AC533 /* CardView.swift */; };
		645F922A2B0982C700FAC72C /* LoginView.swift in Sources */ = {isa = PBXBuildFile; fileRef = 645F92292B0982C700FAC72C /* LoginView.swift */; };
		64824DF72B0AA4DA004CFE1D /* FirebaseAuth in Frameworks */ = {isa = PBXBuildFile; productRef = 64824DF62B0AA4DA004CFE1D /* FirebaseAuth */; };
		64824DF92B0AA4E4004CFE1D /* FirebaseStorage in Frameworks */ = {isa = PBXBuildFile; productRef = 64824DF82B0AA4E4004CFE1D /* FirebaseStorage */; };
		64824DFB2B0AA502004CFE1D /* FirebaseFirestore in Frameworks */ = {isa = PBXBuildFile; productRef = 64824DFA2B0AA502004CFE1D /* FirebaseFirestore */; };
		64824DFD2B0AA502004CFE1D /* FirebaseFirestoreSwift in Frameworks */ = {isa = PBXBuildFile; productRef = 64824DFC2B0AA502004CFE1D /* FirebaseFirestoreSwift */; };
		64824E062B0AB0FD004CFE1D /* MomentsView.swift in Sources */ = {isa = PBXBuildFile; fileRef = 64824E052B0AB0FD004CFE1D /* MomentsView.swift */; };
		64824E082B0AB10D004CFE1D /* MomentsViewController.swift in Sources */ = {isa = PBXBuildFile; fileRef = 64824E072B0AB10D004CFE1D /* MomentsViewController.swift */; };
		64824E0A2B0AB122004CFE1D /* DiscoverViewController.swift in Sources */ = {isa = PBXBuildFile; fileRef = 64824E092B0AB122004CFE1D /* DiscoverViewController.swift */; };
		64824E0D2B0AB141004CFE1D /* DiscoverView.swift in Sources */ = {isa = PBXBuildFile; fileRef = 64824E0C2B0AB141004CFE1D /* DiscoverView.swift */; };
		64824E102B0AB171004CFE1D /* BeFriendsView.swift in Sources */ = {isa = PBXBuildFile; fileRef = 64824E0F2B0AB171004CFE1D /* BeFriendsView.swift */; };
		64824E132B0AB189004CFE1D /* BeFriendsViewController.swift in Sources */ = {isa = PBXBuildFile; fileRef = 64824E122B0AB189004CFE1D /* BeFriendsViewController.swift */; };
		64824E172B0AB1AD004CFE1D /* ChatsViewController.swift in Sources */ = {isa = PBXBuildFile; fileRef = 64824E162B0AB1AD004CFE1D /* ChatsViewController.swift */; };
		64824E192B0AB1B8004CFE1D /* ChatsView.swift in Sources */ = {isa = PBXBuildFile; fileRef = 64824E182B0AB1B8004CFE1D /* ChatsView.swift */; };
		64824E1C2B0AB1EA004CFE1D /* MeView.swift in Sources */ = {isa = PBXBuildFile; fileRef = 64824E1B2B0AB1EA004CFE1D /* MeView.swift */; };
		64824E1E2B0AB1F4004CFE1D /* MeViewController.swift in Sources */ = {isa = PBXBuildFile; fileRef = 64824E1D2B0AB1F4004CFE1D /* MeViewController.swift */; };
		64824E212B0AB230004CFE1D /* LoginViewController.swift in Sources */ = {isa = PBXBuildFile; fileRef = 64824E202B0AB230004CFE1D /* LoginViewController.swift */; };
/* End PBXBuildFile section */

/* Begin PBXFileReference section */
		4FE2CCC32B0866D5003AC533 /* PawPal.app */ = {isa = PBXFileReference; explicitFileType = wrapper.application; includeInIndex = 0; path = PawPal.app; sourceTree = BUILT_PRODUCTS_DIR; };
		4FE2CCC62B0866D5003AC533 /* AppDelegate.swift */ = {isa = PBXFileReference; lastKnownFileType = sourcecode.swift; path = AppDelegate.swift; sourceTree = "<group>"; };
		4FE2CCC82B0866D5003AC533 /* SceneDelegate.swift */ = {isa = PBXFileReference; lastKnownFileType = sourcecode.swift; path = SceneDelegate.swift; sourceTree = "<group>"; };
		4FE2CCCA2B0866D5003AC533 /* ViewController.swift */ = {isa = PBXFileReference; lastKnownFileType = sourcecode.swift; path = ViewController.swift; sourceTree = "<group>"; };
		4FE2CCCD2B0866D5003AC533 /* Base */ = {isa = PBXFileReference; lastKnownFileType = file.storyboard; name = Base; path = Base.lproj/Main.storyboard; sourceTree = "<group>"; };
		4FE2CCCF2B0866D6003AC533 /* Assets.xcassets */ = {isa = PBXFileReference; lastKnownFileType = folder.assetcatalog; path = Assets.xcassets; sourceTree = "<group>"; };
		4FE2CCD22B0866D6003AC533 /* Base */ = {isa = PBXFileReference; lastKnownFileType = file.storyboard; name = Base; path = Base.lproj/LaunchScreen.storyboard; sourceTree = "<group>"; };
		4FE2CCD42B0866D6003AC533 /* Info.plist */ = {isa = PBXFileReference; lastKnownFileType = text.plist.xml; path = Info.plist; sourceTree = "<group>"; };
		4FE2CCDA2B086CF5003AC533 /* GoogleService-Info.plist */ = {isa = PBXFileReference; fileEncoding = 4; lastKnownFileType = text.plist.xml; path = "GoogleService-Info.plist"; sourceTree = "<group>"; };
		4FE2CCE82B0ADF23003AC533 /* RegisterView.swift */ = {isa = PBXFileReference; lastKnownFileType = sourcecode.swift; path = RegisterView.swift; sourceTree = "<group>"; };
		4FE2CCEA2B0ADF4F003AC533 /* RegisterViewController.swift */ = {isa = PBXFileReference; lastKnownFileType = sourcecode.swift; path = RegisterViewController.swift; sourceTree = "<group>"; };
		4FE2CCEC2B0AE171003AC533 /* RegisterFirebaseManager.swift */ = {isa = PBXFileReference; lastKnownFileType = sourcecode.swift; path = RegisterFirebaseManager.swift; sourceTree = "<group>"; };
		4FE2CCEE2B0AFE12003AC533 /* CardView.swift */ = {isa = PBXFileReference; lastKnownFileType = sourcecode.swift; path = CardView.swift; sourceTree = "<group>"; };
		645F92292B0982C700FAC72C /* LoginView.swift */ = {isa = PBXFileReference; fileEncoding = 4; lastKnownFileType = sourcecode.swift; path = LoginView.swift; sourceTree = "<group>"; };
		64824E052B0AB0FD004CFE1D /* MomentsView.swift */ = {isa = PBXFileReference; lastKnownFileType = sourcecode.swift; path = MomentsView.swift; sourceTree = "<group>"; };
		64824E072B0AB10D004CFE1D /* MomentsViewController.swift */ = {isa = PBXFileReference; lastKnownFileType = sourcecode.swift; path = MomentsViewController.swift; sourceTree = "<group>"; };
		64824E092B0AB122004CFE1D /* DiscoverViewController.swift */ = {isa = PBXFileReference; lastKnownFileType = sourcecode.swift; path = DiscoverViewController.swift; sourceTree = "<group>"; };
		64824E0C2B0AB141004CFE1D /* DiscoverView.swift */ = {isa = PBXFileReference; lastKnownFileType = sourcecode.swift; path = DiscoverView.swift; sourceTree = "<group>"; };
		64824E0F2B0AB171004CFE1D /* BeFriendsView.swift */ = {isa = PBXFileReference; lastKnownFileType = sourcecode.swift; path = BeFriendsView.swift; sourceTree = "<group>"; };
		64824E122B0AB189004CFE1D /* BeFriendsViewController.swift */ = {isa = PBXFileReference; lastKnownFileType = sourcecode.swift; path = BeFriendsViewController.swift; sourceTree = "<group>"; };
		64824E162B0AB1AD004CFE1D /* ChatsViewController.swift */ = {isa = PBXFileReference; lastKnownFileType = sourcecode.swift; path = ChatsViewController.swift; sourceTree = "<group>"; };
		64824E182B0AB1B8004CFE1D /* ChatsView.swift */ = {isa = PBXFileReference; lastKnownFileType = sourcecode.swift; path = ChatsView.swift; sourceTree = "<group>"; };
		64824E1B2B0AB1EA004CFE1D /* MeView.swift */ = {isa = PBXFileReference; lastKnownFileType = sourcecode.swift; path = MeView.swift; sourceTree = "<group>"; };
		64824E1D2B0AB1F4004CFE1D /* MeViewController.swift */ = {isa = PBXFileReference; lastKnownFileType = sourcecode.swift; path = MeViewController.swift; sourceTree = "<group>"; };
		64824E202B0AB230004CFE1D /* LoginViewController.swift */ = {isa = PBXFileReference; lastKnownFileType = sourcecode.swift; path = LoginViewController.swift; sourceTree = "<group>"; };
/* End PBXFileReference section */

/* Begin PBXFrameworksBuildPhase section */
		4FE2CCC02B0866D5003AC533 /* Frameworks */ = {
			isa = PBXFrameworksBuildPhase;
			buildActionMask = 2147483647;
			files = (
				64824DF72B0AA4DA004CFE1D /* FirebaseAuth in Frameworks */,
				64824DF92B0AA4E4004CFE1D /* FirebaseStorage in Frameworks */,
				64824DFB2B0AA502004CFE1D /* FirebaseFirestore in Frameworks */,
				64824DFD2B0AA502004CFE1D /* FirebaseFirestoreSwift in Frameworks */,
			);
			runOnlyForDeploymentPostprocessing = 0;
		};
/* End PBXFrameworksBuildPhase section */

/* Begin PBXGroup section */
		4FE2CCBA2B0866D5003AC533 = {
			isa = PBXGroup;
			children = (
				4FE2CCC52B0866D5003AC533 /* PawPal */,
				4FE2CCC42B0866D5003AC533 /* Products */,
				64824DF52B0AA4DA004CFE1D /* Frameworks */,
			);
			sourceTree = "<group>";
		};
		4FE2CCC42B0866D5003AC533 /* Products */ = {
			isa = PBXGroup;
			children = (
				4FE2CCC32B0866D5003AC533 /* PawPal.app */,
			);
			name = Products;
			sourceTree = "<group>";
		};
		4FE2CCC52B0866D5003AC533 /* PawPal */ = {
			isa = PBXGroup;
			children = (
				4FE2CCE72B0ADEE7003AC533 /* Register Screen */,
				64824E022B0AB0BB004CFE1D /* Discover Screen */,
				64824E0E2B0AB154004CFE1D /* BeFriends Screen */,
				64824E012B0AB0A4004CFE1D /* Moments Screen */,
				64824E142B0AB199004CFE1D /* Chats Screen */,
				64824E1A2B0AB1D9004CFE1D /* Me Screen */,
				64724F2D2B086969007F2E57 /* Login Screen */,
				4FE2CCCA2B0866D5003AC533 /* ViewController.swift */,
				4FE2CCC62B0866D5003AC533 /* AppDelegate.swift */,
				4FE2CCC82B0866D5003AC533 /* SceneDelegate.swift */,
				4FE2CCCC2B0866D5003AC533 /* Main.storyboard */,
				4FE2CCCF2B0866D6003AC533 /* Assets.xcassets */,
				4FE2CCD12B0866D6003AC533 /* LaunchScreen.storyboard */,
				4FE2CCD42B0866D6003AC533 /* Info.plist */,
				4FE2CCDA2B086CF5003AC533 /* GoogleService-Info.plist */,
			);
			path = PawPal;
			sourceTree = "<group>";
		};
		4FE2CCE72B0ADEE7003AC533 /* Register Screen */ = {
			isa = PBXGroup;
			children = (
				4FE2CCE82B0ADF23003AC533 /* RegisterView.swift */,
				4FE2CCEA2B0ADF4F003AC533 /* RegisterViewController.swift */,
				4FE2CCEC2B0AE171003AC533 /* RegisterFirebaseManager.swift */,
			);
			path = "Register Screen";
			sourceTree = "<group>";
		};
		645F92282B0982C700FAC72C /* View */ = {
			isa = PBXGroup;
			children = (
				645F92292B0982C700FAC72C /* LoginView.swift */,
			);
			path = View;
			sourceTree = "<group>";
		};
		64724F2D2B086969007F2E57 /* Login Screen */ = {
			isa = PBXGroup;
			children = (
				645F92282B0982C700FAC72C /* View */,
				64824E202B0AB230004CFE1D /* LoginViewController.swift */,
			);
			path = "Login Screen";
			sourceTree = "<group>";
		};
		64824DF52B0AA4DA004CFE1D /* Frameworks */ = {
			isa = PBXGroup;
			children = (
			);
			name = Frameworks;
			sourceTree = "<group>";
		};
		64824E012B0AB0A4004CFE1D /* Moments Screen */ = {
			isa = PBXGroup;
			children = (
				64824E042B0AB0E1004CFE1D /* View */,
				64824E072B0AB10D004CFE1D /* MomentsViewController.swift */,
			);
			path = "Moments Screen";
			sourceTree = "<group>";
		};
		64824E022B0AB0BB004CFE1D /* Discover Screen */ = {
			isa = PBXGroup;
			children = (
				64824E032B0AB0D9004CFE1D /* View */,
				64824E092B0AB122004CFE1D /* DiscoverViewController.swift */,
			);
			path = "Discover Screen";
			sourceTree = "<group>";
		};
		64824E032B0AB0D9004CFE1D /* View */ = {
			isa = PBXGroup;
			children = (
				64824E0C2B0AB141004CFE1D /* DiscoverView.swift */,
				4FE2CCEE2B0AFE12003AC533 /* CardView.swift */,
			);
			path = View;
			sourceTree = "<group>";
		};
		64824E042B0AB0E1004CFE1D /* View */ = {
			isa = PBXGroup;
			children = (
				64824E052B0AB0FD004CFE1D /* MomentsView.swift */,
			);
			path = View;
			sourceTree = "<group>";
		};
		64824E0E2B0AB154004CFE1D /* BeFriends Screen */ = {
			isa = PBXGroup;
			children = (
				64824E112B0AB176004CFE1D /* View */,
				64824E122B0AB189004CFE1D /* BeFriendsViewController.swift */,
			);
			path = "BeFriends Screen";
			sourceTree = "<group>";
		};
		64824E112B0AB176004CFE1D /* View */ = {
			isa = PBXGroup;
			children = (
				64824E0F2B0AB171004CFE1D /* BeFriendsView.swift */,
			);
			path = View;
			sourceTree = "<group>";
		};
		64824E142B0AB199004CFE1D /* Chats Screen */ = {
			isa = PBXGroup;
			children = (
				64824E152B0AB1A1004CFE1D /* View */,
				64824E162B0AB1AD004CFE1D /* ChatsViewController.swift */,
			);
			path = "Chats Screen";
			sourceTree = "<group>";
		};
		64824E152B0AB1A1004CFE1D /* View */ = {
			isa = PBXGroup;
			children = (
				64824E182B0AB1B8004CFE1D /* ChatsView.swift */,
			);
			path = View;
			sourceTree = "<group>";
		};
		64824E1A2B0AB1D9004CFE1D /* Me Screen */ = {
			isa = PBXGroup;
			children = (
				64824E1F2B0AB218004CFE1D /* View */,
				64824E1D2B0AB1F4004CFE1D /* MeViewController.swift */,
			);
			path = "Me Screen";
			sourceTree = "<group>";
		};
		64824E1F2B0AB218004CFE1D /* View */ = {
			isa = PBXGroup;
			children = (
				64824E1B2B0AB1EA004CFE1D /* MeView.swift */,
			);
			path = View;
			sourceTree = "<group>";
		};
/* End PBXGroup section */

/* Begin PBXNativeTarget section */
		4FE2CCC22B0866D5003AC533 /* PawPal */ = {
			isa = PBXNativeTarget;
			buildConfigurationList = 4FE2CCD72B0866D6003AC533 /* Build configuration list for PBXNativeTarget "PawPal" */;
			buildPhases = (
				4FE2CCBF2B0866D5003AC533 /* Sources */,
				4FE2CCC02B0866D5003AC533 /* Frameworks */,
				4FE2CCC12B0866D5003AC533 /* Resources */,
			);
			buildRules = (
			);
			dependencies = (
			);
			name = PawPal;
			packageProductDependencies = (
				64824DF62B0AA4DA004CFE1D /* FirebaseAuth */,
				64824DF82B0AA4E4004CFE1D /* FirebaseStorage */,
				64824DFA2B0AA502004CFE1D /* FirebaseFirestore */,
				64824DFC2B0AA502004CFE1D /* FirebaseFirestoreSwift */,
			);
			productName = PawPal;
			productReference = 4FE2CCC32B0866D5003AC533 /* PawPal.app */;
			productType = "com.apple.product-type.application";
		};
/* End PBXNativeTarget section */

/* Begin PBXProject section */
		4FE2CCBB2B0866D5003AC533 /* Project object */ = {
			isa = PBXProject;
			attributes = {
				BuildIndependentTargetsInParallel = 1;
				LastSwiftUpdateCheck = 1500;
				LastUpgradeCheck = 1500;
				TargetAttributes = {
					4FE2CCC22B0866D5003AC533 = {
						CreatedOnToolsVersion = 15.0.1;
					};
				};
			};
			buildConfigurationList = 4FE2CCBE2B0866D5003AC533 /* Build configuration list for PBXProject "PawPal" */;
			compatibilityVersion = "Xcode 14.0";
			developmentRegion = en;
			hasScannedForEncodings = 0;
			knownRegions = (
				en,
				Base,
			);
			mainGroup = 4FE2CCBA2B0866D5003AC533;
			packageReferences = (
				4FE2CCDC2B086D2F003AC533 /* XCRemoteSwiftPackageReference "firebase-ios-sdk" */,
			);
			productRefGroup = 4FE2CCC42B0866D5003AC533 /* Products */;
			projectDirPath = "";
			projectRoot = "";
			targets = (
				4FE2CCC22B0866D5003AC533 /* PawPal */,
			);
		};
/* End PBXProject section */

/* Begin PBXResourcesBuildPhase section */
		4FE2CCC12B0866D5003AC533 /* Resources */ = {
			isa = PBXResourcesBuildPhase;
			buildActionMask = 2147483647;
			files = (
				4FE2CCD32B0866D6003AC533 /* LaunchScreen.storyboard in Resources */,
				4FE2CCDB2B086CF5003AC533 /* GoogleService-Info.plist in Resources */,
				4FE2CCD02B0866D6003AC533 /* Assets.xcassets in Resources */,
				4FE2CCCE2B0866D5003AC533 /* Main.storyboard in Resources */,
			);
			runOnlyForDeploymentPostprocessing = 0;
		};
/* End PBXResourcesBuildPhase section */

/* Begin PBXSourcesBuildPhase section */
		4FE2CCBF2B0866D5003AC533 /* Sources */ = {
			isa = PBXSourcesBuildPhase;
			buildActionMask = 2147483647;
			files = (
				64824E192B0AB1B8004CFE1D /* ChatsView.swift in Sources */,
				4FE2CCED2B0AE171003AC533 /* RegisterFirebaseManager.swift in Sources */,
				645F922A2B0982C700FAC72C /* LoginView.swift in Sources */,
				64824E102B0AB171004CFE1D /* BeFriendsView.swift in Sources */,
				64824E212B0AB230004CFE1D /* LoginViewController.swift in Sources */,
				4FE2CCCB2B0866D5003AC533 /* ViewController.swift in Sources */,
				64824E0A2B0AB122004CFE1D /* DiscoverViewController.swift in Sources */,
				4FE2CCEF2B0AFE12003AC533 /* CardView.swift in Sources */,
				64824E082B0AB10D004CFE1D /* MomentsViewController.swift in Sources */,
				64824E062B0AB0FD004CFE1D /* MomentsView.swift in Sources */,
				64824E172B0AB1AD004CFE1D /* ChatsViewController.swift in Sources */,
				64824E1E2B0AB1F4004CFE1D /* MeViewController.swift in Sources */,
				4FE2CCC72B0866D5003AC533 /* AppDelegate.swift in Sources */,
				4FE2CCC92B0866D5003AC533 /* SceneDelegate.swift in Sources */,
				64824E0D2B0AB141004CFE1D /* DiscoverView.swift in Sources */,
				4FE2CCEB2B0ADF4F003AC533 /* RegisterViewController.swift in Sources */,
				4FE2CCE92B0ADF23003AC533 /* RegisterView.swift in Sources */,
				64824E132B0AB189004CFE1D /* BeFriendsViewController.swift in Sources */,
				64824E1C2B0AB1EA004CFE1D /* MeView.swift in Sources */,
			);
			runOnlyForDeploymentPostprocessing = 0;
		};
/* End PBXSourcesBuildPhase section */

/* Begin PBXVariantGroup section */
		4FE2CCCC2B0866D5003AC533 /* Main.storyboard */ = {
			isa = PBXVariantGroup;
			children = (
				4FE2CCCD2B0866D5003AC533 /* Base */,
			);
			name = Main.storyboard;
			sourceTree = "<group>";
		};
		4FE2CCD12B0866D6003AC533 /* LaunchScreen.storyboard */ = {
			isa = PBXVariantGroup;
			children = (
				4FE2CCD22B0866D6003AC533 /* Base */,
			);
			name = LaunchScreen.storyboard;
			sourceTree = "<group>";
		};
/* End PBXVariantGroup section */

/* Begin XCBuildConfiguration section */
		4FE2CCD52B0866D6003AC533 /* Debug */ = {
			isa = XCBuildConfiguration;
			buildSettings = {
				ALWAYS_SEARCH_USER_PATHS = NO;
				ASSETCATALOG_COMPILER_GENERATE_SWIFT_ASSET_SYMBOL_EXTENSIONS = YES;
				CLANG_ANALYZER_NONNULL = YES;
				CLANG_ANALYZER_NUMBER_OBJECT_CONVERSION = YES_AGGRESSIVE;
				CLANG_CXX_LANGUAGE_STANDARD = "gnu++20";
				CLANG_ENABLE_MODULES = YES;
				CLANG_ENABLE_OBJC_ARC = YES;
				CLANG_ENABLE_OBJC_WEAK = YES;
				CLANG_WARN_BLOCK_CAPTURE_AUTORELEASING = YES;
				CLANG_WARN_BOOL_CONVERSION = YES;
				CLANG_WARN_COMMA = YES;
				CLANG_WARN_CONSTANT_CONVERSION = YES;
				CLANG_WARN_DEPRECATED_OBJC_IMPLEMENTATIONS = YES;
				CLANG_WARN_DIRECT_OBJC_ISA_USAGE = YES_ERROR;
				CLANG_WARN_DOCUMENTATION_COMMENTS = YES;
				CLANG_WARN_EMPTY_BODY = YES;
				CLANG_WARN_ENUM_CONVERSION = YES;
				CLANG_WARN_INFINITE_RECURSION = YES;
				CLANG_WARN_INT_CONVERSION = YES;
				CLANG_WARN_NON_LITERAL_NULL_CONVERSION = YES;
				CLANG_WARN_OBJC_IMPLICIT_RETAIN_SELF = YES;
				CLANG_WARN_OBJC_LITERAL_CONVERSION = YES;
				CLANG_WARN_OBJC_ROOT_CLASS = YES_ERROR;
				CLANG_WARN_QUOTED_INCLUDE_IN_FRAMEWORK_HEADER = YES;
				CLANG_WARN_RANGE_LOOP_ANALYSIS = YES;
				CLANG_WARN_STRICT_PROTOTYPES = YES;
				CLANG_WARN_SUSPICIOUS_MOVE = YES;
				CLANG_WARN_UNGUARDED_AVAILABILITY = YES_AGGRESSIVE;
				CLANG_WARN_UNREACHABLE_CODE = YES;
				CLANG_WARN__DUPLICATE_METHOD_MATCH = YES;
				COPY_PHASE_STRIP = NO;
				DEBUG_INFORMATION_FORMAT = dwarf;
				ENABLE_STRICT_OBJC_MSGSEND = YES;
				ENABLE_TESTABILITY = YES;
				ENABLE_USER_SCRIPT_SANDBOXING = YES;
				GCC_C_LANGUAGE_STANDARD = gnu17;
				GCC_DYNAMIC_NO_PIC = NO;
				GCC_NO_COMMON_BLOCKS = YES;
				GCC_OPTIMIZATION_LEVEL = 0;
				GCC_PREPROCESSOR_DEFINITIONS = (
					"DEBUG=1",
					"$(inherited)",
				);
				GCC_WARN_64_TO_32_BIT_CONVERSION = YES;
				GCC_WARN_ABOUT_RETURN_TYPE = YES_ERROR;
				GCC_WARN_UNDECLARED_SELECTOR = YES;
				GCC_WARN_UNINITIALIZED_AUTOS = YES_AGGRESSIVE;
				GCC_WARN_UNUSED_FUNCTION = YES;
				GCC_WARN_UNUSED_VARIABLE = YES;
				IPHONEOS_DEPLOYMENT_TARGET = 17.0;
				LOCALIZATION_PREFERS_STRING_CATALOGS = YES;
				MTL_ENABLE_DEBUG_INFO = INCLUDE_SOURCE;
				MTL_FAST_MATH = YES;
				ONLY_ACTIVE_ARCH = YES;
				SDKROOT = iphoneos;
				SWIFT_ACTIVE_COMPILATION_CONDITIONS = "DEBUG $(inherited)";
				SWIFT_OPTIMIZATION_LEVEL = "-Onone";
			};
			name = Debug;
		};
		4FE2CCD62B0866D6003AC533 /* Release */ = {
			isa = XCBuildConfiguration;
			buildSettings = {
				ALWAYS_SEARCH_USER_PATHS = NO;
				ASSETCATALOG_COMPILER_GENERATE_SWIFT_ASSET_SYMBOL_EXTENSIONS = YES;
				CLANG_ANALYZER_NONNULL = YES;
				CLANG_ANALYZER_NUMBER_OBJECT_CONVERSION = YES_AGGRESSIVE;
				CLANG_CXX_LANGUAGE_STANDARD = "gnu++20";
				CLANG_ENABLE_MODULES = YES;
				CLANG_ENABLE_OBJC_ARC = YES;
				CLANG_ENABLE_OBJC_WEAK = YES;
				CLANG_WARN_BLOCK_CAPTURE_AUTORELEASING = YES;
				CLANG_WARN_BOOL_CONVERSION = YES;
				CLANG_WARN_COMMA = YES;
				CLANG_WARN_CONSTANT_CONVERSION = YES;
				CLANG_WARN_DEPRECATED_OBJC_IMPLEMENTATIONS = YES;
				CLANG_WARN_DIRECT_OBJC_ISA_USAGE = YES_ERROR;
				CLANG_WARN_DOCUMENTATION_COMMENTS = YES;
				CLANG_WARN_EMPTY_BODY = YES;
				CLANG_WARN_ENUM_CONVERSION = YES;
				CLANG_WARN_INFINITE_RECURSION = YES;
				CLANG_WARN_INT_CONVERSION = YES;
				CLANG_WARN_NON_LITERAL_NULL_CONVERSION = YES;
				CLANG_WARN_OBJC_IMPLICIT_RETAIN_SELF = YES;
				CLANG_WARN_OBJC_LITERAL_CONVERSION = YES;
				CLANG_WARN_OBJC_ROOT_CLASS = YES_ERROR;
				CLANG_WARN_QUOTED_INCLUDE_IN_FRAMEWORK_HEADER = YES;
				CLANG_WARN_RANGE_LOOP_ANALYSIS = YES;
				CLANG_WARN_STRICT_PROTOTYPES = YES;
				CLANG_WARN_SUSPICIOUS_MOVE = YES;
				CLANG_WARN_UNGUARDED_AVAILABILITY = YES_AGGRESSIVE;
				CLANG_WARN_UNREACHABLE_CODE = YES;
				CLANG_WARN__DUPLICATE_METHOD_MATCH = YES;
				COPY_PHASE_STRIP = NO;
				DEBUG_INFORMATION_FORMAT = "dwarf-with-dsym";
				ENABLE_NS_ASSERTIONS = NO;
				ENABLE_STRICT_OBJC_MSGSEND = YES;
				ENABLE_USER_SCRIPT_SANDBOXING = YES;
				GCC_C_LANGUAGE_STANDARD = gnu17;
				GCC_NO_COMMON_BLOCKS = YES;
				GCC_WARN_64_TO_32_BIT_CONVERSION = YES;
				GCC_WARN_ABOUT_RETURN_TYPE = YES_ERROR;
				GCC_WARN_UNDECLARED_SELECTOR = YES;
				GCC_WARN_UNINITIALIZED_AUTOS = YES_AGGRESSIVE;
				GCC_WARN_UNUSED_FUNCTION = YES;
				GCC_WARN_UNUSED_VARIABLE = YES;
				IPHONEOS_DEPLOYMENT_TARGET = 17.0;
				LOCALIZATION_PREFERS_STRING_CATALOGS = YES;
				MTL_ENABLE_DEBUG_INFO = NO;
				MTL_FAST_MATH = YES;
				SDKROOT = iphoneos;
				SWIFT_COMPILATION_MODE = wholemodule;
				VALIDATE_PRODUCT = YES;
			};
			name = Release;
		};
		4FE2CCD82B0866D6003AC533 /* Debug */ = {
			isa = XCBuildConfiguration;
			buildSettings = {
				ASSETCATALOG_COMPILER_APPICON_NAME = AppIcon;
				ASSETCATALOG_COMPILER_GLOBAL_ACCENT_COLOR_NAME = AccentColor;
				CODE_SIGN_STYLE = Automatic;
				CURRENT_PROJECT_VERSION = 1;
				DEVELOPMENT_TEAM = DKV8P2247N;
				GENERATE_INFOPLIST_FILE = YES;
				INFOPLIST_FILE = PawPal/Info.plist;
				INFOPLIST_KEY_UIApplicationSupportsIndirectInputEvents = YES;
				INFOPLIST_KEY_UILaunchStoryboardName = LaunchScreen;
				INFOPLIST_KEY_UIMainStoryboardFile = Main;
				INFOPLIST_KEY_UISupportedInterfaceOrientations_iPad = "UIInterfaceOrientationPortrait UIInterfaceOrientationPortraitUpsideDown UIInterfaceOrientationLandscapeLeft UIInterfaceOrientationLandscapeRight";
				INFOPLIST_KEY_UISupportedInterfaceOrientations_iPhone = "UIInterfaceOrientationPortrait UIInterfaceOrientationLandscapeLeft UIInterfaceOrientationLandscapeRight";
				IPHONEOS_DEPLOYMENT_TARGET = 15.0;
				LD_RUNPATH_SEARCH_PATHS = (
					"$(inherited)",
					"@executable_path/Frameworks",
				);
				MARKETING_VERSION = 1.0;
				PRODUCT_BUNDLE_IDENTIFIER = PawPal.org;
				PRODUCT_NAME = "$(TARGET_NAME)";
				SWIFT_EMIT_LOC_STRINGS = YES;
				SWIFT_VERSION = 5.0;
				TARGETED_DEVICE_FAMILY = "1,2";
			};
			name = Debug;
		};
		4FE2CCD92B0866D6003AC533 /* Release */ = {
			isa = XCBuildConfiguration;
			buildSettings = {
				ASSETCATALOG_COMPILER_APPICON_NAME = AppIcon;
				ASSETCATALOG_COMPILER_GLOBAL_ACCENT_COLOR_NAME = AccentColor;
				CODE_SIGN_STYLE = Automatic;
				CURRENT_PROJECT_VERSION = 1;
				DEVELOPMENT_TEAM = DKV8P2247N;
				GENERATE_INFOPLIST_FILE = YES;
				INFOPLIST_FILE = PawPal/Info.plist;
				INFOPLIST_KEY_UIApplicationSupportsIndirectInputEvents = YES;
				INFOPLIST_KEY_UILaunchStoryboardName = LaunchScreen;
				INFOPLIST_KEY_UIMainStoryboardFile = Main;
				INFOPLIST_KEY_UISupportedInterfaceOrientations_iPad = "UIInterfaceOrientationPortrait UIInterfaceOrientationPortraitUpsideDown UIInterfaceOrientationLandscapeLeft UIInterfaceOrientationLandscapeRight";
				INFOPLIST_KEY_UISupportedInterfaceOrientations_iPhone = "UIInterfaceOrientationPortrait UIInterfaceOrientationLandscapeLeft UIInterfaceOrientationLandscapeRight";
				IPHONEOS_DEPLOYMENT_TARGET = 15.0;
				LD_RUNPATH_SEARCH_PATHS = (
					"$(inherited)",
					"@executable_path/Frameworks",
				);
				MARKETING_VERSION = 1.0;
				PRODUCT_BUNDLE_IDENTIFIER = PawPal.org;
				PRODUCT_NAME = "$(TARGET_NAME)";
				SWIFT_EMIT_LOC_STRINGS = YES;
				SWIFT_VERSION = 5.0;
				TARGETED_DEVICE_FAMILY = "1,2";
			};
			name = Release;
		};
/* End XCBuildConfiguration section */

/* Begin XCConfigurationList section */
		4FE2CCBE2B0866D5003AC533 /* Build configuration list for PBXProject "PawPal" */ = {
			isa = XCConfigurationList;
			buildConfigurations = (
				4FE2CCD52B0866D6003AC533 /* Debug */,
				4FE2CCD62B0866D6003AC533 /* Release */,
			);
			defaultConfigurationIsVisible = 0;
			defaultConfigurationName = Release;
		};
		4FE2CCD72B0866D6003AC533 /* Build configuration list for PBXNativeTarget "PawPal" */ = {
			isa = XCConfigurationList;
			buildConfigurations = (
				4FE2CCD82B0866D6003AC533 /* Debug */,
				4FE2CCD92B0866D6003AC533 /* Release */,
			);
			defaultConfigurationIsVisible = 0;
			defaultConfigurationName = Release;
		};
/* End XCConfigurationList section */

/* Begin XCRemoteSwiftPackageReference section */
		4FE2CCDC2B086D2F003AC533 /* XCRemoteSwiftPackageReference "firebase-ios-sdk" */ = {
			isa = XCRemoteSwiftPackageReference;
			repositoryURL = "https://github.com/firebase/firebase-ios-sdk";
			requirement = {
				kind = upToNextMajorVersion;
				minimumVersion = 10.18.0;
			};
		};
/* End XCRemoteSwiftPackageReference section */

/* Begin XCSwiftPackageProductDependency section */
		64824DF62B0AA4DA004CFE1D /* FirebaseAuth */ = {
			isa = XCSwiftPackageProductDependency;
			package = 4FE2CCDC2B086D2F003AC533 /* XCRemoteSwiftPackageReference "firebase-ios-sdk" */;
			productName = FirebaseAuth;
		};
		64824DF82B0AA4E4004CFE1D /* FirebaseStorage */ = {
			isa = XCSwiftPackageProductDependency;
			package = 4FE2CCDC2B086D2F003AC533 /* XCRemoteSwiftPackageReference "firebase-ios-sdk" */;
			productName = FirebaseStorage;
		};
		64824DFA2B0AA502004CFE1D /* FirebaseFirestore */ = {
			isa = XCSwiftPackageProductDependency;
			package = 4FE2CCDC2B086D2F003AC533 /* XCRemoteSwiftPackageReference "firebase-ios-sdk" */;
			productName = FirebaseFirestore;
		};
		64824DFC2B0AA502004CFE1D /* FirebaseFirestoreSwift */ = {
			isa = XCSwiftPackageProductDependency;
			package = 4FE2CCDC2B086D2F003AC533 /* XCRemoteSwiftPackageReference "firebase-ios-sdk" */;
			productName = FirebaseFirestoreSwift;
		};
/* End XCSwiftPackageProductDependency section */
	};
	rootObject = 4FE2CCBB2B0866D5003AC533 /* Project object */;
}
