// !$*UTF8*$!
{
	archiveVersion = 1;
	classes = {
	};
	objectVersion = 56;
	objects = {

/* Begin PBXBuildFile section */
		120B55852B1D6AA900C0FB8D /* AddPetPhotoManager.swift in Sources */ = {isa = PBXBuildFile; fileRef = 120B55842B1D6AA900C0FB8D /* AddPetPhotoManager.swift */; };
		120B55872B1D6AC700C0FB8D /* AddPetFirebaseManager.swift in Sources */ = {isa = PBXBuildFile; fileRef = 120B55862B1D6AC700C0FB8D /* AddPetFirebaseManager.swift */; };
		120B55892B1D6C5B00C0FB8D /* PetUpload.swift in Sources */ = {isa = PBXBuildFile; fileRef = 120B55882B1D6C5B00C0FB8D /* PetUpload.swift */; };
		120B559C2B1D99CD00C0FB8D /* SettingView.swift in Sources */ = {isa = PBXBuildFile; fileRef = 120B559B2B1D99CD00C0FB8D /* SettingView.swift */; };
		120B559E2B1D99DF00C0FB8D /* SettingViewController.swift in Sources */ = {isa = PBXBuildFile; fileRef = 120B559D2B1D99DF00C0FB8D /* SettingViewController.swift */; };
		120B55A02B1D9A2900C0FB8D /* SettingEditViewController.swift in Sources */ = {isa = PBXBuildFile; fileRef = 120B559F2B1D9A2900C0FB8D /* SettingEditViewController.swift */; };
		120B55A22B1D9A3C00C0FB8D /* SettingEditView.swift in Sources */ = {isa = PBXBuildFile; fileRef = 120B55A12B1D9A3C00C0FB8D /* SettingEditView.swift */; };
		120B55A42B1D9A5C00C0FB8D /* EditPhotoManager.swift in Sources */ = {isa = PBXBuildFile; fileRef = 120B55A32B1D9A5C00C0FB8D /* EditPhotoManager.swift */; };
		120B55A62B1D9A7B00C0FB8D /* EditFIrebaseManager.swift in Sources */ = {isa = PBXBuildFile; fileRef = 120B55A52B1D9A7B00C0FB8D /* EditFIrebaseManager.swift */; };
		12B783A52B0B7E1F0004B7F8 /* MeTableViewCell.swift in Sources */ = {isa = PBXBuildFile; fileRef = 12B783A42B0B7E1F0004B7F8 /* MeTableViewCell.swift */; };
		12B783A72B0B7E3C0004B7F8 /* SettingTableViewCell.swift in Sources */ = {isa = PBXBuildFile; fileRef = 12B783A62B0B7E3C0004B7F8 /* SettingTableViewCell.swift */; };
		12B783A92B0B7E5E0004B7F8 /* LogOutTableViewCell.swift in Sources */ = {isa = PBXBuildFile; fileRef = 12B783A82B0B7E5E0004B7F8 /* LogOutTableViewCell.swift */; };
		12B783AB2B0B7E9A0004B7F8 /* MyPetsView.swift in Sources */ = {isa = PBXBuildFile; fileRef = 12B783AA2B0B7E9A0004B7F8 /* MyPetsView.swift */; };
		12B783AD2B0B7EB20004B7F8 /* MyPetsTableViewCell.swift in Sources */ = {isa = PBXBuildFile; fileRef = 12B783AC2B0B7EB20004B7F8 /* MyPetsTableViewCell.swift */; };
		12B783AF2B0B7EC80004B7F8 /* MyPetsViewController.swift in Sources */ = {isa = PBXBuildFile; fileRef = 12B783AE2B0B7EC80004B7F8 /* MyPetsViewController.swift */; };
		12B86AFA2B0C2D90005E1F3B /* Pet.swift in Sources */ = {isa = PBXBuildFile; fileRef = 12B86AF92B0C2D90005E1F3B /* Pet.swift */; };
		12B86AFC2B0C2E57005E1F3B /* colors.swift in Sources */ = {isa = PBXBuildFile; fileRef = 12B86AFB2B0C2E57005E1F3B /* colors.swift */; };
		12B86B272B17F14D005E1F3B /* AddPetViewController.swift in Sources */ = {isa = PBXBuildFile; fileRef = 12B86B262B17F14D005E1F3B /* AddPetViewController.swift */; };
		12B86B292B17F165005E1F3B /* AddPetView.swift in Sources */ = {isa = PBXBuildFile; fileRef = 12B86B282B17F165005E1F3B /* AddPetView.swift */; };
		4F6888252B1DB555000549A4 /* Kingfisher in Frameworks */ = {isa = PBXBuildFile; productRef = 4F6888242B1DB555000549A4 /* Kingfisher */; };
		4F6888272B1DC22F000549A4 /* colorSetting.swift in Sources */ = {isa = PBXBuildFile; fileRef = 4F6888262B1DC22F000549A4 /* colorSetting.swift */; };
		4FE2CCC72B0866D5003AC533 /* AppDelegate.swift in Sources */ = {isa = PBXBuildFile; fileRef = 4FE2CCC62B0866D5003AC533 /* AppDelegate.swift */; };
		4FE2CCC92B0866D5003AC533 /* SceneDelegate.swift in Sources */ = {isa = PBXBuildFile; fileRef = 4FE2CCC82B0866D5003AC533 /* SceneDelegate.swift */; };
		4FE2CCCB2B0866D5003AC533 /* ViewController.swift in Sources */ = {isa = PBXBuildFile; fileRef = 4FE2CCCA2B0866D5003AC533 /* ViewController.swift */; };
		4FE2CCCE2B0866D5003AC533 /* Main.storyboard in Resources */ = {isa = PBXBuildFile; fileRef = 4FE2CCCC2B0866D5003AC533 /* Main.storyboard */; };
		4FE2CCD02B0866D6003AC533 /* Assets.xcassets in Resources */ = {isa = PBXBuildFile; fileRef = 4FE2CCCF2B0866D6003AC533 /* Assets.xcassets */; };
		4FE2CCD32B0866D6003AC533 /* LaunchScreen.storyboard in Resources */ = {isa = PBXBuildFile; fileRef = 4FE2CCD12B0866D6003AC533 /* LaunchScreen.storyboard */; };
		4FE2CCDB2B086CF5003AC533 /* GoogleService-Info.plist in Resources */ = {isa = PBXBuildFile; fileRef = 4FE2CCDA2B086CF5003AC533 /* GoogleService-Info.plist */; };
		4FE2CCE92B0ADF23003AC533 /* RegisterView.swift in Sources */ = {isa = PBXBuildFile; fileRef = 4FE2CCE82B0ADF23003AC533 /* RegisterView.swift */; };
		4FE2CCEB2B0ADF4F003AC533 /* RegisterViewController.swift in Sources */ = {isa = PBXBuildFile; fileRef = 4FE2CCEA2B0ADF4F003AC533 /* RegisterViewController.swift */; };
		4FE2CCED2B0AE171003AC533 /* RegisterFirebaseManager.swift in Sources */ = {isa = PBXBuildFile; fileRef = 4FE2CCEC2B0AE171003AC533 /* RegisterFirebaseManager.swift */; };
		4FE2CCEF2B0AFE12003AC533 /* CardView.swift in Sources */ = {isa = PBXBuildFile; fileRef = 4FE2CCEE2B0AFE12003AC533 /* CardView.swift */; };
		4FE2CCF22B0B87EF003AC533 /* fonts.swift in Sources */ = {isa = PBXBuildFile; fileRef = 4FE2CCF12B0B87EF003AC533 /* fonts.swift */; };
		4FE2CCF52B0C8C22003AC533 /* MapView.swift in Sources */ = {isa = PBXBuildFile; fileRef = 4FE2CCF42B0C8C22003AC533 /* MapView.swift */; };
		4FE2CCF72B0C8C34003AC533 /* MapViewController.swift in Sources */ = {isa = PBXBuildFile; fileRef = 4FE2CCF62B0C8C34003AC533 /* MapViewController.swift */; };
		4FE2CCF92B0C8F53003AC533 /* LocationManager.swift in Sources */ = {isa = PBXBuildFile; fileRef = 4FE2CCF82B0C8F53003AC533 /* LocationManager.swift */; };
		4FE2CCFB2B0C9526003AC533 /* MapConfigs.swift in Sources */ = {isa = PBXBuildFile; fileRef = 4FE2CCFA2B0C9526003AC533 /* MapConfigs.swift */; };
		4FE2CCFF2B0C960A003AC533 /* SearchTableViewCell.swift in Sources */ = {isa = PBXBuildFile; fileRef = 4FE2CCFE2B0C960A003AC533 /* SearchTableViewCell.swift */; };
		4FE2CD012B0C9635003AC533 /* SearchBottomSheet.swift in Sources */ = {isa = PBXBuildFile; fileRef = 4FE2CD002B0C9635003AC533 /* SearchBottomSheet.swift */; };
		4FE2CD032B0C9661003AC533 /* SearchViewController.swift in Sources */ = {isa = PBXBuildFile; fileRef = 4FE2CD022B0C9661003AC533 /* SearchViewController.swift */; };
		4FE2CD052B0C96AF003AC533 /* SearchTableViewManager.swift in Sources */ = {isa = PBXBuildFile; fileRef = 4FE2CD042B0C96AF003AC533 /* SearchTableViewManager.swift */; };
		4FE2CD092B0C96F8003AC533 /* Place.swift in Sources */ = {isa = PBXBuildFile; fileRef = 4FE2CD082B0C96F8003AC533 /* Place.swift */; };
		4FE2CD0B2B0C9788003AC533 /* MapAnnotationDelegate.swift in Sources */ = {isa = PBXBuildFile; fileRef = 4FE2CD0A2B0C9788003AC533 /* MapAnnotationDelegate.swift */; };
		4FE2CD0D2B0C97B1003AC533 /* LoadPlaces.swift in Sources */ = {isa = PBXBuildFile; fileRef = 4FE2CD0C2B0C97B1003AC533 /* LoadPlaces.swift */; };
		6422F53B2B0E766700EA69ED /* MomentsView.swift in Sources */ = {isa = PBXBuildFile; fileRef = 6422F5272B0E766700EA69ED /* MomentsView.swift */; };
		6422F53C2B0E766700EA69ED /* ImageCollectionViewCell.swift in Sources */ = {isa = PBXBuildFile; fileRef = 6422F5282B0E766700EA69ED /* ImageCollectionViewCell.swift */; };
		6422F53D2B0E766700EA69ED /* MomentsTableViewCell.swift in Sources */ = {isa = PBXBuildFile; fileRef = 6422F5292B0E766700EA69ED /* MomentsTableViewCell.swift */; };
		6422F53E2B0E766700EA69ED /* MyMomentsView.swift in Sources */ = {isa = PBXBuildFile; fileRef = 6422F52C2B0E766700EA69ED /* MyMomentsView.swift */; };
		6422F53F2B0E766700EA69ED /* MyMomentsViewController.swift in Sources */ = {isa = PBXBuildFile; fileRef = 6422F52D2B0E766700EA69ED /* MyMomentsViewController.swift */; };
		6422F5402B0E766700EA69ED /* Moment.swift in Sources */ = {isa = PBXBuildFile; fileRef = 6422F52F2B0E766700EA69ED /* Moment.swift */; };
		6422F5412B0E766700EA69ED /* ImageCollectionViewManager.swift in Sources */ = {isa = PBXBuildFile; fileRef = 6422F5322B0E766700EA69ED /* ImageCollectionViewManager.swift */; };
		6422F5422B0E766700EA69ED /* MomentsTableViewManager.swift in Sources */ = {isa = PBXBuildFile; fileRef = 6422F5332B0E766700EA69ED /* MomentsTableViewManager.swift */; };
		6422F5452B0E766700EA69ED /* ImageCache.swift in Sources */ = {isa = PBXBuildFile; fileRef = 6422F5392B0E766700EA69ED /* ImageCache.swift */; };
		6422F5462B0E766700EA69ED /* Configs.swift in Sources */ = {isa = PBXBuildFile; fileRef = 6422F53A2B0E766700EA69ED /* Configs.swift */; };
		6436E50E2B160C6B007FCB00 /* ChatsTableViewCell.swift in Sources */ = {isa = PBXBuildFile; fileRef = 6436E50D2B160C6B007FCB00 /* ChatsTableViewCell.swift */; };
		6436E5102B160E82007FCB00 /* ChatsTableViewManager.swift in Sources */ = {isa = PBXBuildFile; fileRef = 6436E50F2B160E82007FCB00 /* ChatsTableViewManager.swift */; };
		6436E5152B160F9E007FCB00 /* Chat.swift in Sources */ = {isa = PBXBuildFile; fileRef = 6436E5142B160F9E007FCB00 /* Chat.swift */; };
		6436E51A2B16BE2E007FCB00 /* MessageView.swift in Sources */ = {isa = PBXBuildFile; fileRef = 6436E5192B16BE2E007FCB00 /* MessageView.swift */; };
		6436E51C2B16BE3B007FCB00 /* MessageViewController.swift in Sources */ = {isa = PBXBuildFile; fileRef = 6436E51B2B16BE3B007FCB00 /* MessageViewController.swift */; };
		6436E51E2B16BE84007FCB00 /* MessageTableViewCell.swift in Sources */ = {isa = PBXBuildFile; fileRef = 6436E51D2B16BE84007FCB00 /* MessageTableViewCell.swift */; };
		6436E5212B16BEC0007FCB00 /* MessageTableViewManager.swift in Sources */ = {isa = PBXBuildFile; fileRef = 6436E5202B16BEC0007FCB00 /* MessageTableViewManager.swift */; };
		6436E5232B16BF34007FCB00 /* Message.swift in Sources */ = {isa = PBXBuildFile; fileRef = 6436E5222B16BF34007FCB00 /* Message.swift */; };
		6436E5252B16DB43007FCB00 /* BarButtonManager.swift in Sources */ = {isa = PBXBuildFile; fileRef = 6436E5242B16DB43007FCB00 /* BarButtonManager.swift */; };
		64455DCF2B0E47060073A9BC /* NotificationNames.swift in Sources */ = {isa = PBXBuildFile; fileRef = 64455DCE2B0E47060073A9BC /* NotificationNames.swift */; };
		645F922A2B0982C700FAC72C /* LoginView.swift in Sources */ = {isa = PBXBuildFile; fileRef = 645F92292B0982C700FAC72C /* LoginView.swift */; };
		6470099B2B188B1A00260136 /* SearchBarManager.swift in Sources */ = {isa = PBXBuildFile; fileRef = 6470099A2B188B1900260136 /* SearchBarManager.swift */; };
		6470099D2B18996700260136 /* ContactsTableViewCell.swift in Sources */ = {isa = PBXBuildFile; fileRef = 6470099C2B18996700260136 /* ContactsTableViewCell.swift */; };
		6470099F2B1899B900260136 /* ContactsTableViewManager.swift in Sources */ = {isa = PBXBuildFile; fileRef = 6470099E2B1899B800260136 /* ContactsTableViewManager.swift */; };
		647009A22B189A5C00260136 /* Contact.swift in Sources */ = {isa = PBXBuildFile; fileRef = 647009A12B189A5C00260136 /* Contact.swift */; };
		647009A42B189B7800260136 /* ContactsSearchBarManager.swift in Sources */ = {isa = PBXBuildFile; fileRef = 647009A32B189B7800260136 /* ContactsSearchBarManager.swift */; };
		647009A72B18B13200260136 /* NewFriendsTableViewCell.swift in Sources */ = {isa = PBXBuildFile; fileRef = 647009A62B18B13200260136 /* NewFriendsTableViewCell.swift */; };
		647009A92B18B14800260136 /* NewFriendsView.swift in Sources */ = {isa = PBXBuildFile; fileRef = 647009A82B18B14800260136 /* NewFriendsView.swift */; };
		647009AC2B18B16B00260136 /* NewFriendsViewController.swift in Sources */ = {isa = PBXBuildFile; fileRef = 647009AB2B18B16B00260136 /* NewFriendsViewController.swift */; };
		647009AE2B18B17A00260136 /* NewFriendsTableViewManager.swift in Sources */ = {isa = PBXBuildFile; fileRef = 647009AD2B18B17A00260136 /* NewFriendsTableViewManager.swift */; };
		647009B02B18B73B00260136 /* FriendRequest.swift in Sources */ = {isa = PBXBuildFile; fileRef = 647009AF2B18B73B00260136 /* FriendRequest.swift */; };
		647009B42B19AFD400260136 /* ContactViewController.swift in Sources */ = {isa = PBXBuildFile; fileRef = 647009B32B19AFD400260136 /* ContactViewController.swift */; };
		647009B62B19B00100260136 /* ContactView.swift in Sources */ = {isa = PBXBuildFile; fileRef = 647009B52B19B00100260136 /* ContactView.swift */; };
		647009B82B19B02C00260136 /* OptionsTableViewCell.swift in Sources */ = {isa = PBXBuildFile; fileRef = 647009B72B19B02C00260136 /* OptionsTableViewCell.swift */; };
		647009BB2B19B0FD00260136 /* OptionsTableViewManager.swift in Sources */ = {isa = PBXBuildFile; fileRef = 647009BA2B19B0FD00260136 /* OptionsTableViewManager.swift */; };
		64824DF72B0AA4DA004CFE1D /* FirebaseAuth in Frameworks */ = {isa = PBXBuildFile; productRef = 64824DF62B0AA4DA004CFE1D /* FirebaseAuth */; };
		64824DF92B0AA4E4004CFE1D /* FirebaseStorage in Frameworks */ = {isa = PBXBuildFile; productRef = 64824DF82B0AA4E4004CFE1D /* FirebaseStorage */; };
		64824DFB2B0AA502004CFE1D /* FirebaseFirestore in Frameworks */ = {isa = PBXBuildFile; productRef = 64824DFA2B0AA502004CFE1D /* FirebaseFirestore */; };
		64824DFD2B0AA502004CFE1D /* FirebaseFirestoreSwift in Frameworks */ = {isa = PBXBuildFile; productRef = 64824DFC2B0AA502004CFE1D /* FirebaseFirestoreSwift */; };
		64824E082B0AB10D004CFE1D /* MomentsViewController.swift in Sources */ = {isa = PBXBuildFile; fileRef = 64824E072B0AB10D004CFE1D /* MomentsViewController.swift */; };
		64824E0A2B0AB122004CFE1D /* DiscoverViewController.swift in Sources */ = {isa = PBXBuildFile; fileRef = 64824E092B0AB122004CFE1D /* DiscoverViewController.swift */; };
		64824E0D2B0AB141004CFE1D /* DiscoverView.swift in Sources */ = {isa = PBXBuildFile; fileRef = 64824E0C2B0AB141004CFE1D /* DiscoverView.swift */; };
		64824E102B0AB171004CFE1D /* FriendsView.swift in Sources */ = {isa = PBXBuildFile; fileRef = 64824E0F2B0AB171004CFE1D /* FriendsView.swift */; };
		64824E132B0AB189004CFE1D /* FriendsViewController.swift in Sources */ = {isa = PBXBuildFile; fileRef = 64824E122B0AB189004CFE1D /* FriendsViewController.swift */; };
		64824E172B0AB1AD004CFE1D /* ChatsViewController.swift in Sources */ = {isa = PBXBuildFile; fileRef = 64824E162B0AB1AD004CFE1D /* ChatsViewController.swift */; };
		64824E192B0AB1B8004CFE1D /* ChatsView.swift in Sources */ = {isa = PBXBuildFile; fileRef = 64824E182B0AB1B8004CFE1D /* ChatsView.swift */; };
		64824E1C2B0AB1EA004CFE1D /* MeView.swift in Sources */ = {isa = PBXBuildFile; fileRef = 64824E1B2B0AB1EA004CFE1D /* MeView.swift */; };
		64824E1E2B0AB1F4004CFE1D /* MeViewController.swift in Sources */ = {isa = PBXBuildFile; fileRef = 64824E1D2B0AB1F4004CFE1D /* MeViewController.swift */; };
		64824E212B0AB230004CFE1D /* LoginViewController.swift in Sources */ = {isa = PBXBuildFile; fileRef = 64824E202B0AB230004CFE1D /* LoginViewController.swift */; };
		64B3895B2B103B2100C5D3DA /* PhotoManager.swift in Sources */ = {isa = PBXBuildFile; fileRef = 64B3895A2B103B2100C5D3DA /* PhotoManager.swift */; };
		64ECD8E02B0BB7670077E96E /* PostMomentViewController.swift in Sources */ = {isa = PBXBuildFile; fileRef = 64ECD8D52B0BB7670077E96E /* PostMomentViewController.swift */; };
		64ECD8E12B0BB7670077E96E /* PostMomentView.swift in Sources */ = {isa = PBXBuildFile; fileRef = 64ECD8D72B0BB7670077E96E /* PostMomentView.swift */; };
/* End PBXBuildFile section */

/* Begin PBXFileReference section */
		120B55842B1D6AA900C0FB8D /* AddPetPhotoManager.swift */ = {isa = PBXFileReference; lastKnownFileType = sourcecode.swift; path = AddPetPhotoManager.swift; sourceTree = "<group>"; };
		120B55862B1D6AC700C0FB8D /* AddPetFirebaseManager.swift */ = {isa = PBXFileReference; lastKnownFileType = sourcecode.swift; path = AddPetFirebaseManager.swift; sourceTree = "<group>"; };
		120B55882B1D6C5B00C0FB8D /* PetUpload.swift */ = {isa = PBXFileReference; lastKnownFileType = sourcecode.swift; path = PetUpload.swift; sourceTree = "<group>"; };
		120B559B2B1D99CD00C0FB8D /* SettingView.swift */ = {isa = PBXFileReference; lastKnownFileType = sourcecode.swift; path = SettingView.swift; sourceTree = "<group>"; };
		120B559D2B1D99DF00C0FB8D /* SettingViewController.swift */ = {isa = PBXFileReference; lastKnownFileType = sourcecode.swift; path = SettingViewController.swift; sourceTree = "<group>"; };
		120B559F2B1D9A2900C0FB8D /* SettingEditViewController.swift */ = {isa = PBXFileReference; lastKnownFileType = sourcecode.swift; path = SettingEditViewController.swift; sourceTree = "<group>"; };
		120B55A12B1D9A3C00C0FB8D /* SettingEditView.swift */ = {isa = PBXFileReference; lastKnownFileType = sourcecode.swift; path = SettingEditView.swift; sourceTree = "<group>"; };
		120B55A32B1D9A5C00C0FB8D /* EditPhotoManager.swift */ = {isa = PBXFileReference; lastKnownFileType = sourcecode.swift; path = EditPhotoManager.swift; sourceTree = "<group>"; };
		120B55A52B1D9A7B00C0FB8D /* EditFIrebaseManager.swift */ = {isa = PBXFileReference; lastKnownFileType = sourcecode.swift; path = EditFIrebaseManager.swift; sourceTree = "<group>"; };
		12B783A42B0B7E1F0004B7F8 /* MeTableViewCell.swift */ = {isa = PBXFileReference; lastKnownFileType = sourcecode.swift; path = MeTableViewCell.swift; sourceTree = "<group>"; };
		12B783A62B0B7E3C0004B7F8 /* SettingTableViewCell.swift */ = {isa = PBXFileReference; lastKnownFileType = sourcecode.swift; path = SettingTableViewCell.swift; sourceTree = "<group>"; };
		12B783A82B0B7E5E0004B7F8 /* LogOutTableViewCell.swift */ = {isa = PBXFileReference; lastKnownFileType = sourcecode.swift; path = LogOutTableViewCell.swift; sourceTree = "<group>"; };
		12B783AA2B0B7E9A0004B7F8 /* MyPetsView.swift */ = {isa = PBXFileReference; lastKnownFileType = sourcecode.swift; path = MyPetsView.swift; sourceTree = "<group>"; };
		12B783AC2B0B7EB20004B7F8 /* MyPetsTableViewCell.swift */ = {isa = PBXFileReference; lastKnownFileType = sourcecode.swift; path = MyPetsTableViewCell.swift; sourceTree = "<group>"; };
		12B783AE2B0B7EC80004B7F8 /* MyPetsViewController.swift */ = {isa = PBXFileReference; lastKnownFileType = sourcecode.swift; path = MyPetsViewController.swift; sourceTree = "<group>"; };
		12B86AF92B0C2D90005E1F3B /* Pet.swift */ = {isa = PBXFileReference; lastKnownFileType = sourcecode.swift; path = Pet.swift; sourceTree = "<group>"; };
		12B86AFB2B0C2E57005E1F3B /* colors.swift */ = {isa = PBXFileReference; lastKnownFileType = sourcecode.swift; path = colors.swift; sourceTree = "<group>"; };
		12B86B262B17F14D005E1F3B /* AddPetViewController.swift */ = {isa = PBXFileReference; lastKnownFileType = sourcecode.swift; path = AddPetViewController.swift; sourceTree = "<group>"; };
		12B86B282B17F165005E1F3B /* AddPetView.swift */ = {isa = PBXFileReference; lastKnownFileType = sourcecode.swift; path = AddPetView.swift; sourceTree = "<group>"; };
		4F6888262B1DC22F000549A4 /* colorSetting.swift */ = {isa = PBXFileReference; lastKnownFileType = sourcecode.swift; path = colorSetting.swift; sourceTree = "<group>"; };
		4FE2CCC32B0866D5003AC533 /* PawPal.app */ = {isa = PBXFileReference; explicitFileType = wrapper.application; includeInIndex = 0; path = PawPal.app; sourceTree = BUILT_PRODUCTS_DIR; };
		4FE2CCC62B0866D5003AC533 /* AppDelegate.swift */ = {isa = PBXFileReference; lastKnownFileType = sourcecode.swift; path = AppDelegate.swift; sourceTree = "<group>"; };
		4FE2CCC82B0866D5003AC533 /* SceneDelegate.swift */ = {isa = PBXFileReference; lastKnownFileType = sourcecode.swift; path = SceneDelegate.swift; sourceTree = "<group>"; };
		4FE2CCCA2B0866D5003AC533 /* ViewController.swift */ = {isa = PBXFileReference; lastKnownFileType = sourcecode.swift; path = ViewController.swift; sourceTree = "<group>"; };
		4FE2CCCD2B0866D5003AC533 /* Base */ = {isa = PBXFileReference; lastKnownFileType = file.storyboard; name = Base; path = Base.lproj/Main.storyboard; sourceTree = "<group>"; };
		4FE2CCCF2B0866D6003AC533 /* Assets.xcassets */ = {isa = PBXFileReference; lastKnownFileType = folder.assetcatalog; path = Assets.xcassets; sourceTree = "<group>"; };
		4FE2CCD22B0866D6003AC533 /* Base */ = {isa = PBXFileReference; lastKnownFileType = file.storyboard; name = Base; path = Base.lproj/LaunchScreen.storyboard; sourceTree = "<group>"; };
		4FE2CCD42B0866D6003AC533 /* Info.plist */ = {isa = PBXFileReference; lastKnownFileType = text.plist.xml; path = Info.plist; sourceTree = "<group>"; };
		4FE2CCDA2B086CF5003AC533 /* GoogleService-Info.plist */ = {isa = PBXFileReference; fileEncoding = 4; lastKnownFileType = text.plist.xml; path = "GoogleService-Info.plist"; sourceTree = "<group>"; };
		4FE2CCE82B0ADF23003AC533 /* RegisterView.swift */ = {isa = PBXFileReference; lastKnownFileType = sourcecode.swift; path = RegisterView.swift; sourceTree = "<group>"; };
		4FE2CCEA2B0ADF4F003AC533 /* RegisterViewController.swift */ = {isa = PBXFileReference; lastKnownFileType = sourcecode.swift; path = RegisterViewController.swift; sourceTree = "<group>"; };
		4FE2CCEC2B0AE171003AC533 /* RegisterFirebaseManager.swift */ = {isa = PBXFileReference; lastKnownFileType = sourcecode.swift; path = RegisterFirebaseManager.swift; sourceTree = "<group>"; };
		4FE2CCEE2B0AFE12003AC533 /* CardView.swift */ = {isa = PBXFileReference; lastKnownFileType = sourcecode.swift; path = CardView.swift; sourceTree = "<group>"; };
		4FE2CCF12B0B87EF003AC533 /* fonts.swift */ = {isa = PBXFileReference; lastKnownFileType = sourcecode.swift; path = fonts.swift; sourceTree = "<group>"; };
		4FE2CCF42B0C8C22003AC533 /* MapView.swift */ = {isa = PBXFileReference; lastKnownFileType = sourcecode.swift; path = MapView.swift; sourceTree = "<group>"; };
		4FE2CCF62B0C8C34003AC533 /* MapViewController.swift */ = {isa = PBXFileReference; lastKnownFileType = sourcecode.swift; path = MapViewController.swift; sourceTree = "<group>"; };
		4FE2CCF82B0C8F53003AC533 /* LocationManager.swift */ = {isa = PBXFileReference; lastKnownFileType = sourcecode.swift; path = LocationManager.swift; sourceTree = "<group>"; };
		4FE2CCFA2B0C9526003AC533 /* MapConfigs.swift */ = {isa = PBXFileReference; lastKnownFileType = sourcecode.swift; path = MapConfigs.swift; sourceTree = "<group>"; };
		4FE2CCFE2B0C960A003AC533 /* SearchTableViewCell.swift */ = {isa = PBXFileReference; lastKnownFileType = sourcecode.swift; path = SearchTableViewCell.swift; sourceTree = "<group>"; };
		4FE2CD002B0C9635003AC533 /* SearchBottomSheet.swift */ = {isa = PBXFileReference; lastKnownFileType = sourcecode.swift; path = SearchBottomSheet.swift; sourceTree = "<group>"; };
		4FE2CD022B0C9661003AC533 /* SearchViewController.swift */ = {isa = PBXFileReference; lastKnownFileType = sourcecode.swift; path = SearchViewController.swift; sourceTree = "<group>"; };
		4FE2CD042B0C96AF003AC533 /* SearchTableViewManager.swift */ = {isa = PBXFileReference; lastKnownFileType = sourcecode.swift; path = SearchTableViewManager.swift; sourceTree = "<group>"; };
		4FE2CD082B0C96F8003AC533 /* Place.swift */ = {isa = PBXFileReference; lastKnownFileType = sourcecode.swift; path = Place.swift; sourceTree = "<group>"; };
		4FE2CD0A2B0C9788003AC533 /* MapAnnotationDelegate.swift */ = {isa = PBXFileReference; lastKnownFileType = sourcecode.swift; path = MapAnnotationDelegate.swift; sourceTree = "<group>"; };
		4FE2CD0C2B0C97B1003AC533 /* LoadPlaces.swift */ = {isa = PBXFileReference; lastKnownFileType = sourcecode.swift; path = LoadPlaces.swift; sourceTree = "<group>"; };
		6422F5272B0E766700EA69ED /* MomentsView.swift */ = {isa = PBXFileReference; fileEncoding = 4; lastKnownFileType = sourcecode.swift; path = MomentsView.swift; sourceTree = "<group>"; };
		6422F5282B0E766700EA69ED /* ImageCollectionViewCell.swift */ = {isa = PBXFileReference; fileEncoding = 4; lastKnownFileType = sourcecode.swift; path = ImageCollectionViewCell.swift; sourceTree = "<group>"; };
		6422F5292B0E766700EA69ED /* MomentsTableViewCell.swift */ = {isa = PBXFileReference; fileEncoding = 4; lastKnownFileType = sourcecode.swift; path = MomentsTableViewCell.swift; sourceTree = "<group>"; };
		6422F52C2B0E766700EA69ED /* MyMomentsView.swift */ = {isa = PBXFileReference; fileEncoding = 4; lastKnownFileType = sourcecode.swift; path = MyMomentsView.swift; sourceTree = "<group>"; };
		6422F52D2B0E766700EA69ED /* MyMomentsViewController.swift */ = {isa = PBXFileReference; fileEncoding = 4; lastKnownFileType = sourcecode.swift; path = MyMomentsViewController.swift; sourceTree = "<group>"; };
		6422F52F2B0E766700EA69ED /* Moment.swift */ = {isa = PBXFileReference; fileEncoding = 4; lastKnownFileType = sourcecode.swift; path = Moment.swift; sourceTree = "<group>"; };
		6422F5322B0E766700EA69ED /* ImageCollectionViewManager.swift */ = {isa = PBXFileReference; fileEncoding = 4; lastKnownFileType = sourcecode.swift; path = ImageCollectionViewManager.swift; sourceTree = "<group>"; };
		6422F5332B0E766700EA69ED /* MomentsTableViewManager.swift */ = {isa = PBXFileReference; fileEncoding = 4; lastKnownFileType = sourcecode.swift; path = MomentsTableViewManager.swift; sourceTree = "<group>"; };
		6422F5392B0E766700EA69ED /* ImageCache.swift */ = {isa = PBXFileReference; fileEncoding = 4; lastKnownFileType = sourcecode.swift; path = ImageCache.swift; sourceTree = "<group>"; };
		6422F53A2B0E766700EA69ED /* Configs.swift */ = {isa = PBXFileReference; fileEncoding = 4; lastKnownFileType = sourcecode.swift; path = Configs.swift; sourceTree = "<group>"; };
		6436E50D2B160C6B007FCB00 /* ChatsTableViewCell.swift */ = {isa = PBXFileReference; lastKnownFileType = sourcecode.swift; path = ChatsTableViewCell.swift; sourceTree = "<group>"; };
		6436E50F2B160E82007FCB00 /* ChatsTableViewManager.swift */ = {isa = PBXFileReference; lastKnownFileType = sourcecode.swift; path = ChatsTableViewManager.swift; sourceTree = "<group>"; };
		6436E5142B160F9E007FCB00 /* Chat.swift */ = {isa = PBXFileReference; lastKnownFileType = sourcecode.swift; path = Chat.swift; sourceTree = "<group>"; };
		6436E5192B16BE2E007FCB00 /* MessageView.swift */ = {isa = PBXFileReference; lastKnownFileType = sourcecode.swift; path = MessageView.swift; sourceTree = "<group>"; };
		6436E51B2B16BE3B007FCB00 /* MessageViewController.swift */ = {isa = PBXFileReference; lastKnownFileType = sourcecode.swift; path = MessageViewController.swift; sourceTree = "<group>"; };
		6436E51D2B16BE84007FCB00 /* MessageTableViewCell.swift */ = {isa = PBXFileReference; lastKnownFileType = sourcecode.swift; path = MessageTableViewCell.swift; sourceTree = "<group>"; };
		6436E5202B16BEC0007FCB00 /* MessageTableViewManager.swift */ = {isa = PBXFileReference; lastKnownFileType = sourcecode.swift; path = MessageTableViewManager.swift; sourceTree = "<group>"; };
		6436E5222B16BF34007FCB00 /* Message.swift */ = {isa = PBXFileReference; lastKnownFileType = sourcecode.swift; path = Message.swift; sourceTree = "<group>"; };
		6436E5242B16DB43007FCB00 /* BarButtonManager.swift */ = {isa = PBXFileReference; lastKnownFileType = sourcecode.swift; path = BarButtonManager.swift; sourceTree = "<group>"; };
		64455DCE2B0E47060073A9BC /* NotificationNames.swift */ = {isa = PBXFileReference; fileEncoding = 4; lastKnownFileType = sourcecode.swift; path = NotificationNames.swift; sourceTree = "<group>"; };
		645F92292B0982C700FAC72C /* LoginView.swift */ = {isa = PBXFileReference; fileEncoding = 4; lastKnownFileType = sourcecode.swift; path = LoginView.swift; sourceTree = "<group>"; };
		6470099A2B188B1900260136 /* SearchBarManager.swift */ = {isa = PBXFileReference; lastKnownFileType = sourcecode.swift; path = SearchBarManager.swift; sourceTree = "<group>"; };
		6470099C2B18996700260136 /* ContactsTableViewCell.swift */ = {isa = PBXFileReference; lastKnownFileType = sourcecode.swift; path = ContactsTableViewCell.swift; sourceTree = "<group>"; };
		6470099E2B1899B800260136 /* ContactsTableViewManager.swift */ = {isa = PBXFileReference; lastKnownFileType = sourcecode.swift; path = ContactsTableViewManager.swift; sourceTree = "<group>"; };
		647009A12B189A5C00260136 /* Contact.swift */ = {isa = PBXFileReference; lastKnownFileType = sourcecode.swift; path = Contact.swift; sourceTree = "<group>"; };
		647009A32B189B7800260136 /* ContactsSearchBarManager.swift */ = {isa = PBXFileReference; lastKnownFileType = sourcecode.swift; path = ContactsSearchBarManager.swift; sourceTree = "<group>"; };
		647009A62B18B13200260136 /* NewFriendsTableViewCell.swift */ = {isa = PBXFileReference; lastKnownFileType = sourcecode.swift; path = NewFriendsTableViewCell.swift; sourceTree = "<group>"; };
		647009A82B18B14800260136 /* NewFriendsView.swift */ = {isa = PBXFileReference; lastKnownFileType = sourcecode.swift; path = NewFriendsView.swift; sourceTree = "<group>"; };
		647009AB2B18B16B00260136 /* NewFriendsViewController.swift */ = {isa = PBXFileReference; lastKnownFileType = sourcecode.swift; path = NewFriendsViewController.swift; sourceTree = "<group>"; };
		647009AD2B18B17A00260136 /* NewFriendsTableViewManager.swift */ = {isa = PBXFileReference; lastKnownFileType = sourcecode.swift; path = NewFriendsTableViewManager.swift; sourceTree = "<group>"; };
		647009AF2B18B73B00260136 /* FriendRequest.swift */ = {isa = PBXFileReference; lastKnownFileType = sourcecode.swift; path = FriendRequest.swift; sourceTree = "<group>"; };
		647009B32B19AFD400260136 /* ContactViewController.swift */ = {isa = PBXFileReference; lastKnownFileType = sourcecode.swift; path = ContactViewController.swift; sourceTree = "<group>"; };
		647009B52B19B00100260136 /* ContactView.swift */ = {isa = PBXFileReference; lastKnownFileType = sourcecode.swift; path = ContactView.swift; sourceTree = "<group>"; };
		647009B72B19B02C00260136 /* OptionsTableViewCell.swift */ = {isa = PBXFileReference; lastKnownFileType = sourcecode.swift; path = OptionsTableViewCell.swift; sourceTree = "<group>"; };
		647009BA2B19B0FD00260136 /* OptionsTableViewManager.swift */ = {isa = PBXFileReference; lastKnownFileType = sourcecode.swift; path = OptionsTableViewManager.swift; sourceTree = "<group>"; };
		64824E072B0AB10D004CFE1D /* MomentsViewController.swift */ = {isa = PBXFileReference; lastKnownFileType = sourcecode.swift; path = MomentsViewController.swift; sourceTree = "<group>"; };
		64824E092B0AB122004CFE1D /* DiscoverViewController.swift */ = {isa = PBXFileReference; lastKnownFileType = sourcecode.swift; path = DiscoverViewController.swift; sourceTree = "<group>"; };
		64824E0C2B0AB141004CFE1D /* DiscoverView.swift */ = {isa = PBXFileReference; lastKnownFileType = sourcecode.swift; path = DiscoverView.swift; sourceTree = "<group>"; };
		64824E0F2B0AB171004CFE1D /* FriendsView.swift */ = {isa = PBXFileReference; lastKnownFileType = sourcecode.swift; path = FriendsView.swift; sourceTree = "<group>"; };
		64824E122B0AB189004CFE1D /* FriendsViewController.swift */ = {isa = PBXFileReference; lastKnownFileType = sourcecode.swift; path = FriendsViewController.swift; sourceTree = "<group>"; };
		64824E162B0AB1AD004CFE1D /* ChatsViewController.swift */ = {isa = PBXFileReference; lastKnownFileType = sourcecode.swift; path = ChatsViewController.swift; sourceTree = "<group>"; };
		64824E182B0AB1B8004CFE1D /* ChatsView.swift */ = {isa = PBXFileReference; lastKnownFileType = sourcecode.swift; path = ChatsView.swift; sourceTree = "<group>"; };
		64824E1B2B0AB1EA004CFE1D /* MeView.swift */ = {isa = PBXFileReference; lastKnownFileType = sourcecode.swift; path = MeView.swift; sourceTree = "<group>"; };
		64824E1D2B0AB1F4004CFE1D /* MeViewController.swift */ = {isa = PBXFileReference; lastKnownFileType = sourcecode.swift; path = MeViewController.swift; sourceTree = "<group>"; };
		64824E202B0AB230004CFE1D /* LoginViewController.swift */ = {isa = PBXFileReference; lastKnownFileType = sourcecode.swift; path = LoginViewController.swift; sourceTree = "<group>"; };
		64B3895A2B103B2100C5D3DA /* PhotoManager.swift */ = {isa = PBXFileReference; lastKnownFileType = sourcecode.swift; path = PhotoManager.swift; sourceTree = "<group>"; };
		64ECD8D52B0BB7670077E96E /* PostMomentViewController.swift */ = {isa = PBXFileReference; fileEncoding = 4; lastKnownFileType = sourcecode.swift; path = PostMomentViewController.swift; sourceTree = "<group>"; };
		64ECD8D72B0BB7670077E96E /* PostMomentView.swift */ = {isa = PBXFileReference; fileEncoding = 4; lastKnownFileType = sourcecode.swift; path = PostMomentView.swift; sourceTree = "<group>"; };
/* End PBXFileReference section */

/* Begin PBXFrameworksBuildPhase section */
		4FE2CCC02B0866D5003AC533 /* Frameworks */ = {
			isa = PBXFrameworksBuildPhase;
			buildActionMask = 2147483647;
			files = (
				64824DF72B0AA4DA004CFE1D /* FirebaseAuth in Frameworks */,
				64824DF92B0AA4E4004CFE1D /* FirebaseStorage in Frameworks */,
				64824DFB2B0AA502004CFE1D /* FirebaseFirestore in Frameworks */,
				64824DFD2B0AA502004CFE1D /* FirebaseFirestoreSwift in Frameworks */,
				4F6888252B1DB555000549A4 /* Kingfisher in Frameworks */,
			);
			runOnlyForDeploymentPostprocessing = 0;
		};
/* End PBXFrameworksBuildPhase section */

/* Begin PBXGroup section */
		120B55982B1D98E600C0FB8D /* Data Models */ = {
			isa = PBXGroup;
			children = (
				120B55882B1D6C5B00C0FB8D /* PetUpload.swift */,
			);
			path = "Data Models";
			sourceTree = "<group>";
		};
		120B55992B1D98FD00C0FB8D /* Managers */ = {
			isa = PBXGroup;
			children = (
				120B55842B1D6AA900C0FB8D /* AddPetPhotoManager.swift */,
				120B55862B1D6AC700C0FB8D /* AddPetFirebaseManager.swift */,
			);
			path = Managers;
			sourceTree = "<group>";
		};
		120B559A2B1D991300C0FB8D /* Views */ = {
			isa = PBXGroup;
			children = (
				12B86B282B17F165005E1F3B /* AddPetView.swift */,
			);
			path = Views;
			sourceTree = "<group>";
		};
		120B55A72B1D9AB800C0FB8D /* Setting */ = {
			isa = PBXGroup;
			children = (
				120B559B2B1D99CD00C0FB8D /* SettingView.swift */,
				120B559D2B1D99DF00C0FB8D /* SettingViewController.swift */,
				120B55A82B1D9AD900C0FB8D /* Edit Account */,
			);
			path = Setting;
			sourceTree = "<group>";
		};
		120B55A82B1D9AD900C0FB8D /* Edit Account */ = {
			isa = PBXGroup;
			children = (
				120B55A12B1D9A3C00C0FB8D /* SettingEditView.swift */,
				120B559F2B1D9A2900C0FB8D /* SettingEditViewController.swift */,
				120B55A32B1D9A5C00C0FB8D /* EditPhotoManager.swift */,
				120B55A52B1D9A7B00C0FB8D /* EditFIrebaseManager.swift */,
			);
			path = "Edit Account";
			sourceTree = "<group>";
		};
		12B783B02B0B7ED00004B7F8 /* My Pets */ = {
			isa = PBXGroup;
			children = (
				12B783B12B0B7EE40004B7F8 /* My Pets View */,
				12B783AE2B0B7EC80004B7F8 /* MyPetsViewController.swift */,
				12B86AF92B0C2D90005E1F3B /* Pet.swift */,
				12B86B2A2B17F172005E1F3B /* Add Pet */,
			);
			path = "My Pets";
			sourceTree = "<group>";
		};
		12B783B12B0B7EE40004B7F8 /* My Pets View */ = {
			isa = PBXGroup;
			children = (
				12B783AA2B0B7E9A0004B7F8 /* MyPetsView.swift */,
				12B783AC2B0B7EB20004B7F8 /* MyPetsTableViewCell.swift */,
			);
			path = "My Pets View";
			sourceTree = "<group>";
		};
		12B86B2A2B17F172005E1F3B /* Add Pet */ = {
			isa = PBXGroup;
			children = (
				120B55982B1D98E600C0FB8D /* Data Models */,
				120B559A2B1D991300C0FB8D /* Views */,
				12B86B262B17F14D005E1F3B /* AddPetViewController.swift */,
				120B55992B1D98FD00C0FB8D /* Managers */,
			);
			path = "Add Pet";
			sourceTree = "<group>";
		};
		4FE2CCBA2B0866D5003AC533 = {
			isa = PBXGroup;
			children = (
				4FE2CCC52B0866D5003AC533 /* PawPal */,
				4FE2CCC42B0866D5003AC533 /* Products */,
				64824DF52B0AA4DA004CFE1D /* Frameworks */,
			);
			sourceTree = "<group>";
		};
		4FE2CCC42B0866D5003AC533 /* Products */ = {
			isa = PBXGroup;
			children = (
				4FE2CCC32B0866D5003AC533 /* PawPal.app */,
			);
			name = Products;
			sourceTree = "<group>";
		};
		4FE2CCC52B0866D5003AC533 /* PawPal */ = {
			isa = PBXGroup;
			children = (
				64455DCE2B0E47060073A9BC /* NotificationNames.swift */,
				6422F53A2B0E766700EA69ED /* Configs.swift */,
				4FE2CCF02B0B87CA003AC533 /* Resources */,
				4FE2CCE72B0ADEE7003AC533 /* Register Screen */,
				64824E022B0AB0BB004CFE1D /* Discover Screen */,
				64824E0E2B0AB154004CFE1D /* Friends Screen */,
				64824E012B0AB0A4004CFE1D /* Moments Screen */,
				64824E142B0AB199004CFE1D /* Chats Screen */,
				64824E1A2B0AB1D9004CFE1D /* Me Screen */,
				64724F2D2B086969007F2E57 /* Login Screen */,
				4FE2CCCA2B0866D5003AC533 /* ViewController.swift */,
				4FE2CCC62B0866D5003AC533 /* AppDelegate.swift */,
				4FE2CCC82B0866D5003AC533 /* SceneDelegate.swift */,
				4FE2CCCC2B0866D5003AC533 /* Main.storyboard */,
				4FE2CCD12B0866D6003AC533 /* LaunchScreen.storyboard */,
				4FE2CCD42B0866D6003AC533 /* Info.plist */,
				4FE2CCDA2B086CF5003AC533 /* GoogleService-Info.plist */,
				4F6888262B1DC22F000549A4 /* colorSetting.swift */,
			);
			path = PawPal;
			sourceTree = "<group>";
		};
		4FE2CCE72B0ADEE7003AC533 /* Register Screen */ = {
			isa = PBXGroup;
			children = (
				4FE2CCE82B0ADF23003AC533 /* RegisterView.swift */,
				4FE2CCEA2B0ADF4F003AC533 /* RegisterViewController.swift */,
				4FE2CCEC2B0AE171003AC533 /* RegisterFirebaseManager.swift */,
				64B3895A2B103B2100C5D3DA /* PhotoManager.swift */,
			);
			path = "Register Screen";
			sourceTree = "<group>";
		};
		4FE2CCF02B0B87CA003AC533 /* Resources */ = {
			isa = PBXGroup;
			children = (
				4FE2CCCF2B0866D6003AC533 /* Assets.xcassets */,
				4FE2CCF12B0B87EF003AC533 /* fonts.swift */,
				12B86AFB2B0C2E57005E1F3B /* colors.swift */,
			);
			path = Resources;
			sourceTree = "<group>";
		};
		4FE2CCF32B0C8BD3003AC533 /* GPS */ = {
			isa = PBXGroup;
			children = (
				4FE2CCF42B0C8C22003AC533 /* MapView.swift */,
				4FE2CCF62B0C8C34003AC533 /* MapViewController.swift */,
				4FE2CCF82B0C8F53003AC533 /* LocationManager.swift */,
				4FE2CCFA2B0C9526003AC533 /* MapConfigs.swift */,
				4FE2CCFE2B0C960A003AC533 /* SearchTableViewCell.swift */,
				4FE2CD002B0C9635003AC533 /* SearchBottomSheet.swift */,
				4FE2CD022B0C9661003AC533 /* SearchViewController.swift */,
				4FE2CD042B0C96AF003AC533 /* SearchTableViewManager.swift */,
				4FE2CD082B0C96F8003AC533 /* Place.swift */,
				4FE2CD0A2B0C9788003AC533 /* MapAnnotationDelegate.swift */,
				4FE2CD0C2B0C97B1003AC533 /* LoadPlaces.swift */,
			);
			path = GPS;
			sourceTree = "<group>";
		};
		6422F5262B0E766700EA69ED /* Views */ = {
			isa = PBXGroup;
			children = (
				6422F5272B0E766700EA69ED /* MomentsView.swift */,
				6422F5282B0E766700EA69ED /* ImageCollectionViewCell.swift */,
				6422F5292B0E766700EA69ED /* MomentsTableViewCell.swift */,
			);
			path = Views;
			sourceTree = "<group>";
		};
		6422F52A2B0E766700EA69ED /* My Moments Screen */ = {
			isa = PBXGroup;
			children = (
				6422F52B2B0E766700EA69ED /* View */,
				6422F52D2B0E766700EA69ED /* MyMomentsViewController.swift */,
			);
			path = "My Moments Screen";
			sourceTree = "<group>";
		};
		6422F52B2B0E766700EA69ED /* View */ = {
			isa = PBXGroup;
			children = (
				6422F52C2B0E766700EA69ED /* MyMomentsView.swift */,
			);
			path = View;
			sourceTree = "<group>";
		};
		6422F52E2B0E766700EA69ED /* Data models */ = {
			isa = PBXGroup;
			children = (
				6422F52F2B0E766700EA69ED /* Moment.swift */,
			);
			path = "Data models";
			sourceTree = "<group>";
		};
		6422F5312B0E766700EA69ED /* Managers */ = {
			isa = PBXGroup;
			children = (
				6422F5322B0E766700EA69ED /* ImageCollectionViewManager.swift */,
				6422F5332B0E766700EA69ED /* MomentsTableViewManager.swift */,
			);
			path = Managers;
			sourceTree = "<group>";
		};
		6422F5382B0E766700EA69ED /* Utilities */ = {
			isa = PBXGroup;
			children = (
				6422F5392B0E766700EA69ED /* ImageCache.swift */,
			);
			path = Utilities;
			sourceTree = "<group>";
		};
		6436E5112B160F23007FCB00 /* Data Models */ = {
			isa = PBXGroup;
			children = (
				6436E5142B160F9E007FCB00 /* Chat.swift */,
				6436E5222B16BF34007FCB00 /* Message.swift */,
			);
			path = "Data Models";
			sourceTree = "<group>";
		};
		6436E5162B16BDE0007FCB00 /* Message Screen */ = {
			isa = PBXGroup;
			children = (
				6436E51F2B16BEA5007FCB00 /* Views */,
				6436E51B2B16BE3B007FCB00 /* MessageViewController.swift */,
				6436E5202B16BEC0007FCB00 /* MessageTableViewManager.swift */,
				6436E5242B16DB43007FCB00 /* BarButtonManager.swift */,
			);
			path = "Message Screen";
			sourceTree = "<group>";
		};
		6436E51F2B16BEA5007FCB00 /* Views */ = {
			isa = PBXGroup;
			children = (
				6436E5192B16BE2E007FCB00 /* MessageView.swift */,
				6436E51D2B16BE84007FCB00 /* MessageTableViewCell.swift */,
			);
			path = Views;
			sourceTree = "<group>";
		};
		645F92282B0982C700FAC72C /* View */ = {
			isa = PBXGroup;
			children = (
				645F92292B0982C700FAC72C /* LoginView.swift */,
			);
			path = View;
			sourceTree = "<group>";
		};
		647009A02B189A4C00260136 /* Data Models */ = {
			isa = PBXGroup;
			children = (
				647009A12B189A5C00260136 /* Contact.swift */,
				647009AF2B18B73B00260136 /* FriendRequest.swift */,
			);
			path = "Data Models";
			sourceTree = "<group>";
		};
		647009A52B18B10C00260136 /* New Friends Screen */ = {
			isa = PBXGroup;
			children = (
				647009AA2B18B15400260136 /* Views */,
				647009AB2B18B16B00260136 /* NewFriendsViewController.swift */,
				647009AD2B18B17A00260136 /* NewFriendsTableViewManager.swift */,
			);
			path = "New Friends Screen";
			sourceTree = "<group>";
		};
		647009AA2B18B15400260136 /* Views */ = {
			isa = PBXGroup;
			children = (
				647009A82B18B14800260136 /* NewFriendsView.swift */,
				647009A62B18B13200260136 /* NewFriendsTableViewCell.swift */,
			);
			path = Views;
			sourceTree = "<group>";
		};
		647009B22B19AFBA00260136 /* Contact Screen */ = {
			isa = PBXGroup;
			children = (
				647009B32B19AFD400260136 /* ContactViewController.swift */,
				647009BA2B19B0FD00260136 /* OptionsTableViewManager.swift */,
				647009B92B19B03300260136 /* Views */,
			);
			path = "Contact Screen";
			sourceTree = "<group>";
		};
		647009B92B19B03300260136 /* Views */ = {
			isa = PBXGroup;
			children = (
				647009B52B19B00100260136 /* ContactView.swift */,
				647009B72B19B02C00260136 /* OptionsTableViewCell.swift */,
			);
			path = Views;
			sourceTree = "<group>";
		};
		64724F2D2B086969007F2E57 /* Login Screen */ = {
			isa = PBXGroup;
			children = (
				645F92282B0982C700FAC72C /* View */,
				64824E202B0AB230004CFE1D /* LoginViewController.swift */,
			);
			path = "Login Screen";
			sourceTree = "<group>";
		};
		64824DF52B0AA4DA004CFE1D /* Frameworks */ = {
			isa = PBXGroup;
			children = (
			);
			name = Frameworks;
			sourceTree = "<group>";
		};
		64824E012B0AB0A4004CFE1D /* Moments Screen */ = {
			isa = PBXGroup;
			children = (
				6422F52E2B0E766700EA69ED /* Data models */,
				6422F5312B0E766700EA69ED /* Managers */,
				6422F52A2B0E766700EA69ED /* My Moments Screen */,
				6422F5382B0E766700EA69ED /* Utilities */,
				6422F5262B0E766700EA69ED /* Views */,
				64ECD8D42B0BB7670077E96E /* Post Moment Screen */,
				64824E072B0AB10D004CFE1D /* MomentsViewController.swift */,
			);
			path = "Moments Screen";
			sourceTree = "<group>";
		};
		64824E022B0AB0BB004CFE1D /* Discover Screen */ = {
			isa = PBXGroup;
			children = (
				64824E032B0AB0D9004CFE1D /* View */,
				64824E092B0AB122004CFE1D /* DiscoverViewController.swift */,
			);
			path = "Discover Screen";
			sourceTree = "<group>";
		};
		64824E032B0AB0D9004CFE1D /* View */ = {
			isa = PBXGroup;
			children = (
				64824E0C2B0AB141004CFE1D /* DiscoverView.swift */,
				4FE2CCEE2B0AFE12003AC533 /* CardView.swift */,
			);
			path = View;
			sourceTree = "<group>";
		};
		64824E0E2B0AB154004CFE1D /* Friends Screen */ = {
			isa = PBXGroup;
			children = (
				647009B22B19AFBA00260136 /* Contact Screen */,
				647009A52B18B10C00260136 /* New Friends Screen */,
				647009A02B189A4C00260136 /* Data Models */,
				64824E112B0AB176004CFE1D /* View */,
				64824E122B0AB189004CFE1D /* FriendsViewController.swift */,
				6470099E2B1899B800260136 /* ContactsTableViewManager.swift */,
				647009A32B189B7800260136 /* ContactsSearchBarManager.swift */,
			);
			path = "Friends Screen";
			sourceTree = "<group>";
		};
		64824E112B0AB176004CFE1D /* View */ = {
			isa = PBXGroup;
			children = (
				64824E0F2B0AB171004CFE1D /* FriendsView.swift */,
				6470099C2B18996700260136 /* ContactsTableViewCell.swift */,
			);
			path = View;
			sourceTree = "<group>";
		};
		64824E142B0AB199004CFE1D /* Chats Screen */ = {
			isa = PBXGroup;
			children = (
				6436E5162B16BDE0007FCB00 /* Message Screen */,
				6436E5112B160F23007FCB00 /* Data Models */,
				64824E152B0AB1A1004CFE1D /* View */,
				64824E162B0AB1AD004CFE1D /* ChatsViewController.swift */,
				6436E50F2B160E82007FCB00 /* ChatsTableViewManager.swift */,
				6470099A2B188B1900260136 /* SearchBarManager.swift */,
			);
			path = "Chats Screen";
			sourceTree = "<group>";
		};
		64824E152B0AB1A1004CFE1D /* View */ = {
			isa = PBXGroup;
			children = (
				64824E182B0AB1B8004CFE1D /* ChatsView.swift */,
				6436E50D2B160C6B007FCB00 /* ChatsTableViewCell.swift */,
			);
			path = View;
			sourceTree = "<group>";
		};
		64824E1A2B0AB1D9004CFE1D /* Me Screen */ = {
			isa = PBXGroup;
			children = (
				4FE2CCF32B0C8BD3003AC533 /* GPS */,
				64824E1F2B0AB218004CFE1D /* View */,
				64824E1D2B0AB1F4004CFE1D /* MeViewController.swift */,
				12B783B02B0B7ED00004B7F8 /* My Pets */,
				120B55A72B1D9AB800C0FB8D /* Setting */,
			);
			path = "Me Screen";
			sourceTree = "<group>";
		};
		64824E1F2B0AB218004CFE1D /* View */ = {
			isa = PBXGroup;
			children = (
				64824E1B2B0AB1EA004CFE1D /* MeView.swift */,
				12B783A42B0B7E1F0004B7F8 /* MeTableViewCell.swift */,
				12B783A62B0B7E3C0004B7F8 /* SettingTableViewCell.swift */,
				12B783A82B0B7E5E0004B7F8 /* LogOutTableViewCell.swift */,
			);
			path = View;
			sourceTree = "<group>";
		};
		64ECD8D42B0BB7670077E96E /* Post Moment Screen */ = {
			isa = PBXGroup;
			children = (
				64ECD8D52B0BB7670077E96E /* PostMomentViewController.swift */,
				64ECD8D62B0BB7670077E96E /* View */,
			);
			path = "Post Moment Screen";
			sourceTree = "<group>";
		};
		64ECD8D62B0BB7670077E96E /* View */ = {
			isa = PBXGroup;
			children = (
				64ECD8D72B0BB7670077E96E /* PostMomentView.swift */,
			);
			path = View;
			sourceTree = "<group>";
		};
/* End PBXGroup section */

/* Begin PBXNativeTarget section */
		4FE2CCC22B0866D5003AC533 /* PawPal */ = {
			isa = PBXNativeTarget;
			buildConfigurationList = 4FE2CCD72B0866D6003AC533 /* Build configuration list for PBXNativeTarget "PawPal" */;
			buildPhases = (
				4FE2CCBF2B0866D5003AC533 /* Sources */,
				4FE2CCC02B0866D5003AC533 /* Frameworks */,
				4FE2CCC12B0866D5003AC533 /* Resources */,
			);
			buildRules = (
			);
			dependencies = (
			);
			name = PawPal;
			packageProductDependencies = (
				64824DF62B0AA4DA004CFE1D /* FirebaseAuth */,
				64824DF82B0AA4E4004CFE1D /* FirebaseStorage */,
				64824DFA2B0AA502004CFE1D /* FirebaseFirestore */,
				64824DFC2B0AA502004CFE1D /* FirebaseFirestoreSwift */,
				4F6888242B1DB555000549A4 /* Kingfisher */,
			);
			productName = PawPal;
			productReference = 4FE2CCC32B0866D5003AC533 /* PawPal.app */;
			productType = "com.apple.product-type.application";
		};
/* End PBXNativeTarget section */

/* Begin PBXProject section */
		4FE2CCBB2B0866D5003AC533 /* Project object */ = {
			isa = PBXProject;
			attributes = {
				BuildIndependentTargetsInParallel = 1;
				LastSwiftUpdateCheck = 1500;
				LastUpgradeCheck = 1500;
				TargetAttributes = {
					4FE2CCC22B0866D5003AC533 = {
						CreatedOnToolsVersion = 15.0.1;
					};
				};
			};
			buildConfigurationList = 4FE2CCBE2B0866D5003AC533 /* Build configuration list for PBXProject "PawPal" */;
			compatibilityVersion = "Xcode 14.0";
			developmentRegion = en;
			hasScannedForEncodings = 0;
			knownRegions = (
				en,
				Base,
			);
			mainGroup = 4FE2CCBA2B0866D5003AC533;
			packageReferences = (
				4FE2CCDC2B086D2F003AC533 /* XCRemoteSwiftPackageReference "firebase-ios-sdk" */,
				4F6888232B1DB555000549A4 /* XCRemoteSwiftPackageReference "Kingfisher" */,
			);
			productRefGroup = 4FE2CCC42B0866D5003AC533 /* Products */;
			projectDirPath = "";
			projectRoot = "";
			targets = (
				4FE2CCC22B0866D5003AC533 /* PawPal */,
			);
		};
/* End PBXProject section */

/* Begin PBXResourcesBuildPhase section */
		4FE2CCC12B0866D5003AC533 /* Resources */ = {
			isa = PBXResourcesBuildPhase;
			buildActionMask = 2147483647;
			files = (
				4FE2CCD32B0866D6003AC533 /* LaunchScreen.storyboard in Resources */,
				4FE2CCDB2B086CF5003AC533 /* GoogleService-Info.plist in Resources */,
				4FE2CCD02B0866D6003AC533 /* Assets.xcassets in Resources */,
				4FE2CCCE2B0866D5003AC533 /* Main.storyboard in Resources */,
			);
			runOnlyForDeploymentPostprocessing = 0;
		};
/* End PBXResourcesBuildPhase section */

/* Begin PBXSourcesBuildPhase section */
		4FE2CCBF2B0866D5003AC533 /* Sources */ = {
			isa = PBXSourcesBuildPhase;
			buildActionMask = 2147483647;
			files = (
				6422F53C2B0E766700EA69ED /* ImageCollectionViewCell.swift in Sources */,
				6422F53E2B0E766700EA69ED /* MyMomentsView.swift in Sources */,
				4FE2CCF22B0B87EF003AC533 /* fonts.swift in Sources */,
				6436E5212B16BEC0007FCB00 /* MessageTableViewManager.swift in Sources */,
				647009AE2B18B17A00260136 /* NewFriendsTableViewManager.swift in Sources */,
				64824E192B0AB1B8004CFE1D /* ChatsView.swift in Sources */,
				12B783AF2B0B7EC80004B7F8 /* MyPetsViewController.swift in Sources */,
				64455DCF2B0E47060073A9BC /* NotificationNames.swift in Sources */,
				4FE2CCED2B0AE171003AC533 /* RegisterFirebaseManager.swift in Sources */,
				6422F53F2B0E766700EA69ED /* MyMomentsViewController.swift in Sources */,
				645F922A2B0982C700FAC72C /* LoginView.swift in Sources */,
				4FE2CD092B0C96F8003AC533 /* Place.swift in Sources */,
				64B3895B2B103B2100C5D3DA /* PhotoManager.swift in Sources */,
				4FE2CCFB2B0C9526003AC533 /* MapConfigs.swift in Sources */,
				6436E51A2B16BE2E007FCB00 /* MessageView.swift in Sources */,
				4FE2CD052B0C96AF003AC533 /* SearchTableViewManager.swift in Sources */,
				64824E102B0AB171004CFE1D /* FriendsView.swift in Sources */,
				6470099F2B1899B900260136 /* ContactsTableViewManager.swift in Sources */,
				4FE2CD0B2B0C9788003AC533 /* MapAnnotationDelegate.swift in Sources */,
				6470099D2B18996700260136 /* ContactsTableViewCell.swift in Sources */,
				12B86AFC2B0C2E57005E1F3B /* colors.swift in Sources */,
				64824E212B0AB230004CFE1D /* LoginViewController.swift in Sources */,
				4FE2CCCB2B0866D5003AC533 /* ViewController.swift in Sources */,
				64824E0A2B0AB122004CFE1D /* DiscoverViewController.swift in Sources */,
				4FE2CCF92B0C8F53003AC533 /* LocationManager.swift in Sources */,
				4FE2CCEF2B0AFE12003AC533 /* CardView.swift in Sources */,
				6470099B2B188B1A00260136 /* SearchBarManager.swift in Sources */,
				120B55872B1D6AC700C0FB8D /* AddPetFirebaseManager.swift in Sources */,
				64824E082B0AB10D004CFE1D /* MomentsViewController.swift in Sources */,
				647009B82B19B02C00260136 /* OptionsTableViewCell.swift in Sources */,
				647009B62B19B00100260136 /* ContactView.swift in Sources */,
				647009A42B189B7800260136 /* ContactsSearchBarManager.swift in Sources */,
				6422F5462B0E766700EA69ED /* Configs.swift in Sources */,
				4FE2CCF52B0C8C22003AC533 /* MapView.swift in Sources */,
				647009B42B19AFD400260136 /* ContactViewController.swift in Sources */,
				647009B02B18B73B00260136 /* FriendRequest.swift in Sources */,
				12B783AD2B0B7EB20004B7F8 /* MyPetsTableViewCell.swift in Sources */,
				12B783A72B0B7E3C0004B7F8 /* SettingTableViewCell.swift in Sources */,
				4FE2CCF72B0C8C34003AC533 /* MapViewController.swift in Sources */,
				6422F5452B0E766700EA69ED /* ImageCache.swift in Sources */,
				120B55892B1D6C5B00C0FB8D /* PetUpload.swift in Sources */,
				647009A22B189A5C00260136 /* Contact.swift in Sources */,
				6436E5152B160F9E007FCB00 /* Chat.swift in Sources */,
				4FE2CD012B0C9635003AC533 /* SearchBottomSheet.swift in Sources */,
				6436E5252B16DB43007FCB00 /* BarButtonManager.swift in Sources */,
				12B783AB2B0B7E9A0004B7F8 /* MyPetsView.swift in Sources */,
				647009BB2B19B0FD00260136 /* OptionsTableViewManager.swift in Sources */,
				12B86B272B17F14D005E1F3B /* AddPetViewController.swift in Sources */,
				12B783A52B0B7E1F0004B7F8 /* MeTableViewCell.swift in Sources */,
				6436E51E2B16BE84007FCB00 /* MessageTableViewCell.swift in Sources */,
				6422F53D2B0E766700EA69ED /* MomentsTableViewCell.swift in Sources */,
				4FE2CD0D2B0C97B1003AC533 /* LoadPlaces.swift in Sources */,
				12B783A92B0B7E5E0004B7F8 /* LogOutTableViewCell.swift in Sources */,
				12B86B292B17F165005E1F3B /* AddPetView.swift in Sources */,
				6422F53B2B0E766700EA69ED /* MomentsView.swift in Sources */,
				12B86AFA2B0C2D90005E1F3B /* Pet.swift in Sources */,
				120B55A62B1D9A7B00C0FB8D /* EditFIrebaseManager.swift in Sources */,
				64824E172B0AB1AD004CFE1D /* ChatsViewController.swift in Sources */,
				4FE2CD032B0C9661003AC533 /* SearchViewController.swift in Sources */,
				647009AC2B18B16B00260136 /* NewFriendsViewController.swift in Sources */,
				64824E1E2B0AB1F4004CFE1D /* MeViewController.swift in Sources */,
				4FE2CCC72B0866D5003AC533 /* AppDelegate.swift in Sources */,
				4FE2CCFF2B0C960A003AC533 /* SearchTableViewCell.swift in Sources */,
				4FE2CCC92B0866D5003AC533 /* SceneDelegate.swift in Sources */,
				6436E50E2B160C6B007FCB00 /* ChatsTableViewCell.swift in Sources */,
				120B55852B1D6AA900C0FB8D /* AddPetPhotoManager.swift in Sources */,
				4F6888272B1DC22F000549A4 /* colorSetting.swift in Sources */,
				647009A72B18B13200260136 /* NewFriendsTableViewCell.swift in Sources */,
				64824E0D2B0AB141004CFE1D /* DiscoverView.swift in Sources */,
				4FE2CCEB2B0ADF4F003AC533 /* RegisterViewController.swift in Sources */,
				6422F5412B0E766700EA69ED /* ImageCollectionViewManager.swift in Sources */,
				64ECD8E02B0BB7670077E96E /* PostMomentViewController.swift in Sources */,
				4FE2CCE92B0ADF23003AC533 /* RegisterView.swift in Sources */,
				64824E132B0AB189004CFE1D /* FriendsViewController.swift in Sources */,
				64824E1C2B0AB1EA004CFE1D /* MeView.swift in Sources */,
				647009A92B18B14800260136 /* NewFriendsView.swift in Sources */,
				120B55A02B1D9A2900C0FB8D /* SettingEditViewController.swift in Sources */,
				6436E51C2B16BE3B007FCB00 /* MessageViewController.swift in Sources */,
				120B559C2B1D99CD00C0FB8D /* SettingView.swift in Sources */,
				6422F5422B0E766700EA69ED /* MomentsTableViewManager.swift in Sources */,
				120B55A42B1D9A5C00C0FB8D /* EditPhotoManager.swift in Sources */,
				6422F5402B0E766700EA69ED /* Moment.swift in Sources */,
				120B55A22B1D9A3C00C0FB8D /* SettingEditView.swift in Sources */,
				6436E5232B16BF34007FCB00 /* Message.swift in Sources */,
				120B559E2B1D99DF00C0FB8D /* SettingViewController.swift in Sources */,
				64ECD8E12B0BB7670077E96E /* PostMomentView.swift in Sources */,
				6436E5102B160E82007FCB00 /* ChatsTableViewManager.swift in Sources */,
			);
			runOnlyForDeploymentPostprocessing = 0;
		};
/* End PBXSourcesBuildPhase section */

/* Begin PBXVariantGroup section */
		4FE2CCCC2B0866D5003AC533 /* Main.storyboard */ = {
			isa = PBXVariantGroup;
			children = (
				4FE2CCCD2B0866D5003AC533 /* Base */,
			);
			name = Main.storyboard;
			sourceTree = "<group>";
		};
		4FE2CCD12B0866D6003AC533 /* LaunchScreen.storyboard */ = {
			isa = PBXVariantGroup;
			children = (
				4FE2CCD22B0866D6003AC533 /* Base */,
			);
			name = LaunchScreen.storyboard;
			sourceTree = "<group>";
		};
/* End PBXVariantGroup section */

/* Begin XCBuildConfiguration section */
		4FE2CCD52B0866D6003AC533 /* Debug */ = {
			isa = XCBuildConfiguration;
			buildSettings = {
				ALWAYS_SEARCH_USER_PATHS = NO;
				ASSETCATALOG_COMPILER_GENERATE_SWIFT_ASSET_SYMBOL_EXTENSIONS = YES;
				CLANG_ANALYZER_NONNULL = YES;
				CLANG_ANALYZER_NUMBER_OBJECT_CONVERSION = YES_AGGRESSIVE;
				CLANG_CXX_LANGUAGE_STANDARD = "gnu++20";
				CLANG_ENABLE_MODULES = YES;
				CLANG_ENABLE_OBJC_ARC = YES;
				CLANG_ENABLE_OBJC_WEAK = YES;
				CLANG_WARN_BLOCK_CAPTURE_AUTORELEASING = YES;
				CLANG_WARN_BOOL_CONVERSION = YES;
				CLANG_WARN_COMMA = YES;
				CLANG_WARN_CONSTANT_CONVERSION = YES;
				CLANG_WARN_DEPRECATED_OBJC_IMPLEMENTATIONS = YES;
				CLANG_WARN_DIRECT_OBJC_ISA_USAGE = YES_ERROR;
				CLANG_WARN_DOCUMENTATION_COMMENTS = YES;
				CLANG_WARN_EMPTY_BODY = YES;
				CLANG_WARN_ENUM_CONVERSION = YES;
				CLANG_WARN_INFINITE_RECURSION = YES;
				CLANG_WARN_INT_CONVERSION = YES;
				CLANG_WARN_NON_LITERAL_NULL_CONVERSION = YES;
				CLANG_WARN_OBJC_IMPLICIT_RETAIN_SELF = YES;
				CLANG_WARN_OBJC_LITERAL_CONVERSION = YES;
				CLANG_WARN_OBJC_ROOT_CLASS = YES_ERROR;
				CLANG_WARN_QUOTED_INCLUDE_IN_FRAMEWORK_HEADER = YES;
				CLANG_WARN_RANGE_LOOP_ANALYSIS = YES;
				CLANG_WARN_STRICT_PROTOTYPES = YES;
				CLANG_WARN_SUSPICIOUS_MOVE = YES;
				CLANG_WARN_UNGUARDED_AVAILABILITY = YES_AGGRESSIVE;
				CLANG_WARN_UNREACHABLE_CODE = YES;
				CLANG_WARN__DUPLICATE_METHOD_MATCH = YES;
				COPY_PHASE_STRIP = NO;
				DEBUG_INFORMATION_FORMAT = dwarf;
				ENABLE_STRICT_OBJC_MSGSEND = YES;
				ENABLE_TESTABILITY = YES;
				ENABLE_USER_SCRIPT_SANDBOXING = YES;
				GCC_C_LANGUAGE_STANDARD = gnu17;
				GCC_DYNAMIC_NO_PIC = NO;
				GCC_NO_COMMON_BLOCKS = YES;
				GCC_OPTIMIZATION_LEVEL = 0;
				GCC_PREPROCESSOR_DEFINITIONS = (
					"DEBUG=1",
					"$(inherited)",
				);
				GCC_WARN_64_TO_32_BIT_CONVERSION = YES;
				GCC_WARN_ABOUT_RETURN_TYPE = YES_ERROR;
				GCC_WARN_UNDECLARED_SELECTOR = YES;
				GCC_WARN_UNINITIALIZED_AUTOS = YES_AGGRESSIVE;
				GCC_WARN_UNUSED_FUNCTION = YES;
				GCC_WARN_UNUSED_VARIABLE = YES;
				IPHONEOS_DEPLOYMENT_TARGET = 17.0;
				LOCALIZATION_PREFERS_STRING_CATALOGS = YES;
				MTL_ENABLE_DEBUG_INFO = INCLUDE_SOURCE;
				MTL_FAST_MATH = YES;
				ONLY_ACTIVE_ARCH = YES;
				SDKROOT = iphoneos;
				SWIFT_ACTIVE_COMPILATION_CONDITIONS = "DEBUG $(inherited)";
				SWIFT_OPTIMIZATION_LEVEL = "-Onone";
			};
			name = Debug;
		};
		4FE2CCD62B0866D6003AC533 /* Release */ = {
			isa = XCBuildConfiguration;
			buildSettings = {
				ALWAYS_SEARCH_USER_PATHS = NO;
				ASSETCATALOG_COMPILER_GENERATE_SWIFT_ASSET_SYMBOL_EXTENSIONS = YES;
				CLANG_ANALYZER_NONNULL = YES;
				CLANG_ANALYZER_NUMBER_OBJECT_CONVERSION = YES_AGGRESSIVE;
				CLANG_CXX_LANGUAGE_STANDARD = "gnu++20";
				CLANG_ENABLE_MODULES = YES;
				CLANG_ENABLE_OBJC_ARC = YES;
				CLANG_ENABLE_OBJC_WEAK = YES;
				CLANG_WARN_BLOCK_CAPTURE_AUTORELEASING = YES;
				CLANG_WARN_BOOL_CONVERSION = YES;
				CLANG_WARN_COMMA = YES;
				CLANG_WARN_CONSTANT_CONVERSION = YES;
				CLANG_WARN_DEPRECATED_OBJC_IMPLEMENTATIONS = YES;
				CLANG_WARN_DIRECT_OBJC_ISA_USAGE = YES_ERROR;
				CLANG_WARN_DOCUMENTATION_COMMENTS = YES;
				CLANG_WARN_EMPTY_BODY = YES;
				CLANG_WARN_ENUM_CONVERSION = YES;
				CLANG_WARN_INFINITE_RECURSION = YES;
				CLANG_WARN_INT_CONVERSION = YES;
				CLANG_WARN_NON_LITERAL_NULL_CONVERSION = YES;
				CLANG_WARN_OBJC_IMPLICIT_RETAIN_SELF = YES;
				CLANG_WARN_OBJC_LITERAL_CONVERSION = YES;
				CLANG_WARN_OBJC_ROOT_CLASS = YES_ERROR;
				CLANG_WARN_QUOTED_INCLUDE_IN_FRAMEWORK_HEADER = YES;
				CLANG_WARN_RANGE_LOOP_ANALYSIS = YES;
				CLANG_WARN_STRICT_PROTOTYPES = YES;
				CLANG_WARN_SUSPICIOUS_MOVE = YES;
				CLANG_WARN_UNGUARDED_AVAILABILITY = YES_AGGRESSIVE;
				CLANG_WARN_UNREACHABLE_CODE = YES;
				CLANG_WARN__DUPLICATE_METHOD_MATCH = YES;
				COPY_PHASE_STRIP = NO;
				DEBUG_INFORMATION_FORMAT = "dwarf-with-dsym";
				ENABLE_NS_ASSERTIONS = NO;
				ENABLE_STRICT_OBJC_MSGSEND = YES;
				ENABLE_USER_SCRIPT_SANDBOXING = YES;
				GCC_C_LANGUAGE_STANDARD = gnu17;
				GCC_NO_COMMON_BLOCKS = YES;
				GCC_WARN_64_TO_32_BIT_CONVERSION = YES;
				GCC_WARN_ABOUT_RETURN_TYPE = YES_ERROR;
				GCC_WARN_UNDECLARED_SELECTOR = YES;
				GCC_WARN_UNINITIALIZED_AUTOS = YES_AGGRESSIVE;
				GCC_WARN_UNUSED_FUNCTION = YES;
				GCC_WARN_UNUSED_VARIABLE = YES;
				IPHONEOS_DEPLOYMENT_TARGET = 17.0;
				LOCALIZATION_PREFERS_STRING_CATALOGS = YES;
				MTL_ENABLE_DEBUG_INFO = NO;
				MTL_FAST_MATH = YES;
				SDKROOT = iphoneos;
				SWIFT_COMPILATION_MODE = wholemodule;
				VALIDATE_PRODUCT = YES;
			};
			name = Release;
		};
		4FE2CCD82B0866D6003AC533 /* Debug */ = {
			isa = XCBuildConfiguration;
			buildSettings = {
				ASSETCATALOG_COMPILER_APPICON_NAME = AppIcon;
				ASSETCATALOG_COMPILER_GLOBAL_ACCENT_COLOR_NAME = AccentColor;
				CODE_SIGN_STYLE = Automatic;
				CURRENT_PROJECT_VERSION = 1;
				DEVELOPMENT_TEAM = DKV8P2247N;
				GENERATE_INFOPLIST_FILE = YES;
				INFOPLIST_FILE = PawPal/Info.plist;
				INFOPLIST_KEY_UIApplicationSupportsIndirectInputEvents = YES;
				INFOPLIST_KEY_UILaunchStoryboardName = LaunchScreen;
				INFOPLIST_KEY_UIMainStoryboardFile = Main;
				INFOPLIST_KEY_UISupportedInterfaceOrientations_iPad = "UIInterfaceOrientationPortrait UIInterfaceOrientationPortraitUpsideDown UIInterfaceOrientationLandscapeLeft UIInterfaceOrientationLandscapeRight";
				INFOPLIST_KEY_UISupportedInterfaceOrientations_iPhone = "UIInterfaceOrientationPortrait UIInterfaceOrientationLandscapeLeft UIInterfaceOrientationLandscapeRight";
				IPHONEOS_DEPLOYMENT_TARGET = 15.0;
				LD_RUNPATH_SEARCH_PATHS = (
					"$(inherited)",
					"@executable_path/Frameworks",
				);
				MARKETING_VERSION = 1.0;
				PRODUCT_BUNDLE_IDENTIFIER = PawPal.org;
				PRODUCT_NAME = "$(TARGET_NAME)";
				SWIFT_EMIT_LOC_STRINGS = YES;
				SWIFT_VERSION = 5.0;
				TARGETED_DEVICE_FAMILY = "1,2";
			};
			name = Debug;
		};
		4FE2CCD92B0866D6003AC533 /* Release */ = {
			isa = XCBuildConfiguration;
			buildSettings = {
				ASSETCATALOG_COMPILER_APPICON_NAME = AppIcon;
				ASSETCATALOG_COMPILER_GLOBAL_ACCENT_COLOR_NAME = AccentColor;
				CODE_SIGN_STYLE = Automatic;
				CURRENT_PROJECT_VERSION = 1;
				DEVELOPMENT_TEAM = DKV8P2247N;
				GENERATE_INFOPLIST_FILE = YES;
				INFOPLIST_FILE = PawPal/Info.plist;
				INFOPLIST_KEY_UIApplicationSupportsIndirectInputEvents = YES;
				INFOPLIST_KEY_UILaunchStoryboardName = LaunchScreen;
				INFOPLIST_KEY_UIMainStoryboardFile = Main;
				INFOPLIST_KEY_UISupportedInterfaceOrientations_iPad = "UIInterfaceOrientationPortrait UIInterfaceOrientationPortraitUpsideDown UIInterfaceOrientationLandscapeLeft UIInterfaceOrientationLandscapeRight";
				INFOPLIST_KEY_UISupportedInterfaceOrientations_iPhone = "UIInterfaceOrientationPortrait UIInterfaceOrientationLandscapeLeft UIInterfaceOrientationLandscapeRight";
				IPHONEOS_DEPLOYMENT_TARGET = 15.0;
				LD_RUNPATH_SEARCH_PATHS = (
					"$(inherited)",
					"@executable_path/Frameworks",
				);
				MARKETING_VERSION = 1.0;
				PRODUCT_BUNDLE_IDENTIFIER = PawPal.org;
				PRODUCT_NAME = "$(TARGET_NAME)";
				SWIFT_EMIT_LOC_STRINGS = YES;
				SWIFT_VERSION = 5.0;
				TARGETED_DEVICE_FAMILY = "1,2";
			};
			name = Release;
		};
/* End XCBuildConfiguration section */

/* Begin XCConfigurationList section */
		4FE2CCBE2B0866D5003AC533 /* Build configuration list for PBXProject "PawPal" */ = {
			isa = XCConfigurationList;
			buildConfigurations = (
				4FE2CCD52B0866D6003AC533 /* Debug */,
				4FE2CCD62B0866D6003AC533 /* Release */,
			);
			defaultConfigurationIsVisible = 0;
			defaultConfigurationName = Release;
		};
		4FE2CCD72B0866D6003AC533 /* Build configuration list for PBXNativeTarget "PawPal" */ = {
			isa = XCConfigurationList;
			buildConfigurations = (
				4FE2CCD82B0866D6003AC533 /* Debug */,
				4FE2CCD92B0866D6003AC533 /* Release */,
			);
			defaultConfigurationIsVisible = 0;
			defaultConfigurationName = Release;
		};
/* End XCConfigurationList section */

/* Begin XCRemoteSwiftPackageReference section */
		4F6888232B1DB555000549A4 /* XCRemoteSwiftPackageReference "Kingfisher" */ = {
			isa = XCRemoteSwiftPackageReference;
			repositoryURL = "https://github.com/onevcat/Kingfisher.git";
			requirement = {
				kind = upToNextMajorVersion;
				minimumVersion = 7.10.0;
			};
		};
		4FE2CCDC2B086D2F003AC533 /* XCRemoteSwiftPackageReference "firebase-ios-sdk" */ = {
			isa = XCRemoteSwiftPackageReference;
			repositoryURL = "https://github.com/firebase/firebase-ios-sdk";
			requirement = {
				kind = upToNextMajorVersion;
				minimumVersion = 10.18.0;
			};
		};
/* End XCRemoteSwiftPackageReference section */

/* Begin XCSwiftPackageProductDependency section */
		4F6888242B1DB555000549A4 /* Kingfisher */ = {
			isa = XCSwiftPackageProductDependency;
			package = 4F6888232B1DB555000549A4 /* XCRemoteSwiftPackageReference "Kingfisher" */;
			productName = Kingfisher;
		};
		64824DF62B0AA4DA004CFE1D /* FirebaseAuth */ = {
			isa = XCSwiftPackageProductDependency;
			package = 4FE2CCDC2B086D2F003AC533 /* XCRemoteSwiftPackageReference "firebase-ios-sdk" */;
			productName = FirebaseAuth;
		};
		64824DF82B0AA4E4004CFE1D /* FirebaseStorage */ = {
			isa = XCSwiftPackageProductDependency;
			package = 4FE2CCDC2B086D2F003AC533 /* XCRemoteSwiftPackageReference "firebase-ios-sdk" */;
			productName = FirebaseStorage;
		};
		64824DFA2B0AA502004CFE1D /* FirebaseFirestore */ = {
			isa = XCSwiftPackageProductDependency;
			package = 4FE2CCDC2B086D2F003AC533 /* XCRemoteSwiftPackageReference "firebase-ios-sdk" */;
			productName = FirebaseFirestore;
		};
		64824DFC2B0AA502004CFE1D /* FirebaseFirestoreSwift */ = {
			isa = XCSwiftPackageProductDependency;
			package = 4FE2CCDC2B086D2F003AC533 /* XCRemoteSwiftPackageReference "firebase-ios-sdk" */;
			productName = FirebaseFirestoreSwift;
		};
/* End XCSwiftPackageProductDependency section */
	};
	rootObject = 4FE2CCBB2B0866D5003AC533 /* Project object */;
}
